// !$*UTF8*$!
{
	archiveVersion = 1;
	classes = {
	};
	objectVersion = 46;
	objects = {

/* Begin PBXBuildFile section */
		3514A88216964923E1B943B2 /* Global.swift in Sources */ = {isa = PBXBuildFile; fileRef = 3514A5469B5A6C9986CA1596 /* Global.swift */; };
		FD568A4C1D9387CC003CEB5F /* MKNetworkKit in Resources */ = {isa = PBXBuildFile; fileRef = FD568A4B1D9387CC003CEB5F /* MKNetworkKit */; };
		FD568A511D938B48003CEB5F /* ViewController.swift in Sources */ = {isa = PBXBuildFile; fileRef = FDB50A5E1D92C19600627BED /* ViewController.swift */; };
		FD568ACE1D939BE7003CEB5F /* MKCache.h in Sources */ = {isa = PBXBuildFile; fileRef = FD568AC51D939BE7003CEB5F /* MKCache.h */; };
		FD568ACF1D939BE7003CEB5F /* MKCache.m in Sources */ = {isa = PBXBuildFile; fileRef = FD568AC61D939BE7003CEB5F /* MKCache.m */; };
		FD568AD01D939BE7003CEB5F /* MKNetworkHost.h in Sources */ = {isa = PBXBuildFile; fileRef = FD568AC71D939BE7003CEB5F /* MKNetworkHost.h */; };
		FD568AD11D939BE7003CEB5F /* MKNetworkHost.m in Sources */ = {isa = PBXBuildFile; fileRef = FD568AC81D939BE7003CEB5F /* MKNetworkHost.m */; };
		FD568AD21D939BE7003CEB5F /* MKNetworkKit.h in Sources */ = {isa = PBXBuildFile; fileRef = FD568AC91D939BE7003CEB5F /* MKNetworkKit.h */; };
		FD568AD31D939BE7003CEB5F /* MKNetworkRequest.h in Sources */ = {isa = PBXBuildFile; fileRef = FD568ACA1D939BE7003CEB5F /* MKNetworkRequest.h */; };
		FD568AD41D939BE7003CEB5F /* MKNetworkRequest.m in Sources */ = {isa = PBXBuildFile; fileRef = FD568ACB1D939BE7003CEB5F /* MKNetworkRequest.m */; };
		FD568AD51D939BE7003CEB5F /* MKObject.h in Sources */ = {isa = PBXBuildFile; fileRef = FD568ACC1D939BE7003CEB5F /* MKObject.h */; };
		FD568AD61D939BE7003CEB5F /* MKObject.m in Sources */ = {isa = PBXBuildFile; fileRef = FD568ACD1D939BE7003CEB5F /* MKObject.m */; };
		FD568AE51D939C10003CEB5F /* NSDate+RFC1123.h in Sources */ = {isa = PBXBuildFile; fileRef = FD568AD71D939C10003CEB5F /* NSDate+RFC1123.h */; };
		FD568AE61D939C10003CEB5F /* NSDate+RFC1123.m in Sources */ = {isa = PBXBuildFile; fileRef = FD568AD81D939C10003CEB5F /* NSDate+RFC1123.m */; };
		FD568AE71D939C10003CEB5F /* NSDictionary+MKNKAdditions.h in Sources */ = {isa = PBXBuildFile; fileRef = FD568AD91D939C10003CEB5F /* NSDictionary+MKNKAdditions.h */; };
		FD568AE81D939C10003CEB5F /* NSDictionary+MKNKAdditions.m in Sources */ = {isa = PBXBuildFile; fileRef = FD568ADA1D939C10003CEB5F /* NSDictionary+MKNKAdditions.m */; };
		FD568AE91D939C10003CEB5F /* NSHTTPURLResponse+MKNKAdditions.h in Sources */ = {isa = PBXBuildFile; fileRef = FD568ADB1D939C10003CEB5F /* NSHTTPURLResponse+MKNKAdditions.h */; };
		FD568AEA1D939C10003CEB5F /* NSHTTPURLResponse+MKNKAdditions.m in Sources */ = {isa = PBXBuildFile; fileRef = FD568ADC1D939C10003CEB5F /* NSHTTPURLResponse+MKNKAdditions.m */; };
		FD568AEB1D939C10003CEB5F /* NSMutableDictionary+MKNKAdditions.h in Sources */ = {isa = PBXBuildFile; fileRef = FD568ADD1D939C10003CEB5F /* NSMutableDictionary+MKNKAdditions.h */; };
		FD568AEC1D939C10003CEB5F /* NSMutableDictionary+MKNKAdditions.m in Sources */ = {isa = PBXBuildFile; fileRef = FD568ADE1D939C10003CEB5F /* NSMutableDictionary+MKNKAdditions.m */; };
		FD568AED1D939C10003CEB5F /* NSString+MKNKAdditions.h in Sources */ = {isa = PBXBuildFile; fileRef = FD568ADF1D939C10003CEB5F /* NSString+MKNKAdditions.h */; };
		FD568AEE1D939C10003CEB5F /* NSString+MKNKAdditions.m in Sources */ = {isa = PBXBuildFile; fileRef = FD568AE01D939C10003CEB5F /* NSString+MKNKAdditions.m */; };
		FD568AEF1D939C10003CEB5F /* UIAlertView+MKNKAdditions.h in Sources */ = {isa = PBXBuildFile; fileRef = FD568AE11D939C10003CEB5F /* UIAlertView+MKNKAdditions.h */; };
		FD568AF01D939C10003CEB5F /* UIAlertView+MKNKAdditions.m in Sources */ = {isa = PBXBuildFile; fileRef = FD568AE21D939C10003CEB5F /* UIAlertView+MKNKAdditions.m */; };
		FD568AF11D939C10003CEB5F /* UIImageView+MKNKAdditions.h in Sources */ = {isa = PBXBuildFile; fileRef = FD568AE31D939C10003CEB5F /* UIImageView+MKNKAdditions.h */; };
		FD568AF21D939C10003CEB5F /* UIImageView+MKNKAdditions.m in Sources */ = {isa = PBXBuildFile; fileRef = FD568AE41D939C10003CEB5F /* UIImageView+MKNKAdditions.m */; };
		FD568AF51D93C0DF003CEB5F /* PersonController.swift in Sources */ = {isa = PBXBuildFile; fileRef = FD568AF41D93C0DF003CEB5F /* PersonController.swift */; };
		FD568AF71D93CD6B003CEB5F /* PersonNicknameController.swift in Sources */ = {isa = PBXBuildFile; fileRef = FD568AF61D93CD6B003CEB5F /* PersonNicknameController.swift */; };
		FD568AF91D93CD8A003CEB5F /* PersonPasswordController.swift in Sources */ = {isa = PBXBuildFile; fileRef = FD568AF81D93CD8A003CEB5F /* PersonPasswordController.swift */; };
		FD568AFB1D93CD9A003CEB5F /* PersonFeedbackController.swift in Sources */ = {isa = PBXBuildFile; fileRef = FD568AFA1D93CD9A003CEB5F /* PersonFeedbackController.swift */; };
		FD568AFD1D93CFFF003CEB5F /* ShopController.swift in Sources */ = {isa = PBXBuildFile; fileRef = FD568AFC1D93CFFF003CEB5F /* ShopController.swift */; };
		FD568AFF1D93D597003CEB5F /* DeviceManageController.swift in Sources */ = {isa = PBXBuildFile; fileRef = FD568AFE1D93D597003CEB5F /* DeviceManageController.swift */; };
		FD61E5281D9424F500C9AA91 /* DeviceInfoController.swift in Sources */ = {isa = PBXBuildFile; fileRef = FD61E5271D9424F500C9AA91 /* DeviceInfoController.swift */; };
		FD61E52A1D942AF100C9AA91 /* DeviceDetailReviseController.swift in Sources */ = {isa = PBXBuildFile; fileRef = FD61E5291D942AF100C9AA91 /* DeviceDetailReviseController.swift */; };
		FD61E52C1D942B0300C9AA91 /* HistoryController.swift in Sources */ = {isa = PBXBuildFile; fileRef = FD61E52B1D942B0300C9AA91 /* HistoryController.swift */; };
		FD61E52E1D942B2D00C9AA91 /* DeviceAddController.swift in Sources */ = {isa = PBXBuildFile; fileRef = FD61E52D1D942B2D00C9AA91 /* DeviceAddController.swift */; };
		FD61E5301D942B5400C9AA91 /* DeviceViewController.swift in Sources */ = {isa = PBXBuildFile; fileRef = FD61E52F1D942B5400C9AA91 /* DeviceViewController.swift */; };
		FD61E5321D942B6800C9AA91 /* MonitorController.swift in Sources */ = {isa = PBXBuildFile; fileRef = FD61E5311D942B6800C9AA91 /* MonitorController.swift */; };
		FD61E5341D942B7700C9AA91 /* MonitorContentController.swift in Sources */ = {isa = PBXBuildFile; fileRef = FD61E5331D942B7700C9AA91 /* MonitorContentController.swift */; };
		FD61E5371D942BCB00C9AA91 /* Reachability.m in Sources */ = {isa = PBXBuildFile; fileRef = FD61E5361D942BCB00C9AA91 /* Reachability.m */; };
		FD61E53D1D942D6700C9AA91 /* UIImage+animatedGIF.m in Sources */ = {isa = PBXBuildFile; fileRef = FD61E53C1D942D6700C9AA91 /* UIImage+animatedGIF.m */; };
		FD6B6A791D95894F005F51AF /* BackgroundRunner.m in Sources */ = {isa = PBXBuildFile; fileRef = FD6B6A781D95894F005F51AF /* BackgroundRunner.m */; };
		FDB50A5D1D92C19600627BED /* AppDelegate.swift in Sources */ = {isa = PBXBuildFile; fileRef = FDB50A5C1D92C19600627BED /* AppDelegate.swift */; };
		FDB50A621D92C19600627BED /* Main.storyboard in Resources */ = {isa = PBXBuildFile; fileRef = FDB50A601D92C19600627BED /* Main.storyboard */; };
		FDB50A641D92C19600627BED /* Assets.xcassets in Resources */ = {isa = PBXBuildFile; fileRef = FDB50A631D92C19600627BED /* Assets.xcassets */; };
		FDB50A721D92C19600627BED /* airtree_swiftTests.swift in Sources */ = {isa = PBXBuildFile; fileRef = FDB50A711D92C19600627BED /* airtree_swiftTests.swift */; };
		FDB50A7D1D92C19600627BED /* airtree_swiftUITests.swift in Sources */ = {isa = PBXBuildFile; fileRef = FDB50A7C1D92C19600627BED /* airtree_swiftUITests.swift */; };
		FDB50B511D92C28F00627BED /* bg_jiaquan_s.png in Resources */ = {isa = PBXBuildFile; fileRef = FDB50B0F1D92C28F00627BED /* bg_jiaquan_s.png */; };
		FDB50B521D92C28F00627BED /* bg_jiaquan.png in Resources */ = {isa = PBXBuildFile; fileRef = FDB50B101D92C28F00627BED /* bg_jiaquan.png */; };
		FDB50B531D92C28F00627BED /* bg_pm_s.png in Resources */ = {isa = PBXBuildFile; fileRef = FDB50B111D92C28F00627BED /* bg_pm_s.png */; };
		FDB50B541D92C28F00627BED /* bg_pm.png in Resources */ = {isa = PBXBuildFile; fileRef = FDB50B121D92C28F00627BED /* bg_pm.png */; };
		FDB50B551D92C28F00627BED /* bg_shidu_s.png in Resources */ = {isa = PBXBuildFile; fileRef = FDB50B131D92C28F00627BED /* bg_shidu_s.png */; };
		FDB50B561D92C28F00627BED /* bg_shidu.png in Resources */ = {isa = PBXBuildFile; fileRef = FDB50B141D92C28F00627BED /* bg_shidu.png */; };
		FDB50B571D92C28F00627BED /* bg_wendu_s.png in Resources */ = {isa = PBXBuildFile; fileRef = FDB50B151D92C28F00627BED /* bg_wendu_s.png */; };
		FDB50B581D92C28F00627BED /* bg_wendu.png in Resources */ = {isa = PBXBuildFile; fileRef = FDB50B161D92C28F00627BED /* bg_wendu.png */; };
		FDB50B591D92C28F00627BED /* dontneed.gif in Resources */ = {isa = PBXBuildFile; fileRef = FDB50B171D92C28F00627BED /* dontneed.gif */; };
		FDB50B5A1D92C28F00627BED /* general.gif in Resources */ = {isa = PBXBuildFile; fileRef = FDB50B181D92C28F00627BED /* general.gif */; };
		FDB50B5B1D92C28F00627BED /* good.gif in Resources */ = {isa = PBXBuildFile; fileRef = FDB50B191D92C28F00627BED /* good.gif */; };
		FDB50B5C1D92C28F00627BED /* ic_device_25.png in Resources */ = {isa = PBXBuildFile; fileRef = FDB50B1A1D92C28F00627BED /* ic_device_25.png */; };
		FDB50B5D1D92C28F00627BED /* ic_device_30.png in Resources */ = {isa = PBXBuildFile; fileRef = FDB50B1B1D92C28F00627BED /* ic_device_30.png */; };
		FDB50B5E1D92C28F00627BED /* ic_device.png in Resources */ = {isa = PBXBuildFile; fileRef = FDB50B1C1D92C28F00627BED /* ic_device.png */; };
		FDB50B5F1D92C28F00627BED /* ic_ele_1.png in Resources */ = {isa = PBXBuildFile; fileRef = FDB50B1D1D92C28F00627BED /* ic_ele_1.png */; };
		FDB50B601D92C28F00627BED /* ic_ele_1s.png in Resources */ = {isa = PBXBuildFile; fileRef = FDB50B1E1D92C28F00627BED /* ic_ele_1s.png */; };
		FDB50B611D92C28F00627BED /* ic_ele_2.png in Resources */ = {isa = PBXBuildFile; fileRef = FDB50B1F1D92C28F00627BED /* ic_ele_2.png */; };
		FDB50B621D92C28F00627BED /* ic_ele_2s.png in Resources */ = {isa = PBXBuildFile; fileRef = FDB50B201D92C28F00627BED /* ic_ele_2s.png */; };
		FDB50B631D92C28F00627BED /* ic_ele_3.png in Resources */ = {isa = PBXBuildFile; fileRef = FDB50B211D92C28F00627BED /* ic_ele_3.png */; };
		FDB50B641D92C28F00627BED /* ic_ele_3s.png in Resources */ = {isa = PBXBuildFile; fileRef = FDB50B221D92C28F00627BED /* ic_ele_3s.png */; };
		FDB50B651D92C28F00627BED /* ic_ele_4.png in Resources */ = {isa = PBXBuildFile; fileRef = FDB50B231D92C28F00627BED /* ic_ele_4.png */; };
		FDB50B661D92C28F00627BED /* ic_ele_4s.png in Resources */ = {isa = PBXBuildFile; fileRef = FDB50B241D92C28F00627BED /* ic_ele_4s.png */; };
		FDB50B671D92C28F00627BED /* ic_ele_5.png in Resources */ = {isa = PBXBuildFile; fileRef = FDB50B251D92C28F00627BED /* ic_ele_5.png */; };
		FDB50B681D92C28F00627BED /* ic_ele_5s.png in Resources */ = {isa = PBXBuildFile; fileRef = FDB50B261D92C28F00627BED /* ic_ele_5s.png */; };
		FDB50B691D92C28F00627BED /* ic_ele_n0s.png in Resources */ = {isa = PBXBuildFile; fileRef = FDB50B271D92C28F00627BED /* ic_ele_n0s.png */; };
		FDB50B6A1D92C28F00627BED /* ic_ele_n1s.png in Resources */ = {isa = PBXBuildFile; fileRef = FDB50B281D92C28F00627BED /* ic_ele_n1s.png */; };
		FDB50B6B1D92C28F00627BED /* ic_ele_n2s.png in Resources */ = {isa = PBXBuildFile; fileRef = FDB50B291D92C28F00627BED /* ic_ele_n2s.png */; };
		FDB50B6C1D92C28F00627BED /* ic_ele_n3s.png in Resources */ = {isa = PBXBuildFile; fileRef = FDB50B2A1D92C28F00627BED /* ic_ele_n3s.png */; };
		FDB50B6D1D92C28F00627BED /* ic_ele_n4s.png in Resources */ = {isa = PBXBuildFile; fileRef = FDB50B2B1D92C28F00627BED /* ic_ele_n4s.png */; };
		FDB50B6E1D92C28F00627BED /* ic_history.png in Resources */ = {isa = PBXBuildFile; fileRef = FDB50B2C1D92C28F00627BED /* ic_history.png */; };
		FDB50B6F1D92C28F00627BED /* ic_launcher_40x40.png in Resources */ = {isa = PBXBuildFile; fileRef = FDB50B2D1D92C28F00627BED /* ic_launcher_40x40.png */; };
		FDB50B701D92C28F00627BED /* ic_launcher_58x58.png in Resources */ = {isa = PBXBuildFile; fileRef = FDB50B2E1D92C28F00627BED /* ic_launcher_58x58.png */; };
		FDB50B711D92C28F00627BED /* ic_launcher_60x60.png in Resources */ = {isa = PBXBuildFile; fileRef = FDB50B2F1D92C28F00627BED /* ic_launcher_60x60.png */; };
		FDB50B721D92C28F00627BED /* ic_launcher_80x80.png in Resources */ = {isa = PBXBuildFile; fileRef = FDB50B301D92C28F00627BED /* ic_launcher_80x80.png */; };
		FDB50B731D92C28F00627BED /* ic_launcher_87x87.png in Resources */ = {isa = PBXBuildFile; fileRef = FDB50B311D92C28F00627BED /* ic_launcher_87x87.png */; };
		FDB50B741D92C28F00627BED /* ic_launcher_120x120.png in Resources */ = {isa = PBXBuildFile; fileRef = FDB50B321D92C28F00627BED /* ic_launcher_120x120.png */; };
		FDB50B751D92C28F00627BED /* ic_launcher_180x180.png in Resources */ = {isa = PBXBuildFile; fileRef = FDB50B331D92C28F00627BED /* ic_launcher_180x180.png */; };
		FDB50B761D92C28F00627BED /* ic_person_w_25.png in Resources */ = {isa = PBXBuildFile; fileRef = FDB50B341D92C28F00627BED /* ic_person_w_25.png */; };
		FDB50B771D92C28F00627BED /* ic_person.png in Resources */ = {isa = PBXBuildFile; fileRef = FDB50B351D92C28F00627BED /* ic_person.png */; };
		FDB50B781D92C28F00627BED /* ic_shop_25.png in Resources */ = {isa = PBXBuildFile; fileRef = FDB50B361D92C28F00627BED /* ic_shop_25.png */; };
		FDB50B791D92C28F00627BED /* ic_shop_30.png in Resources */ = {isa = PBXBuildFile; fileRef = FDB50B371D92C28F00627BED /* ic_shop_30.png */; };
		FDB50B7A1D92C28F00627BED /* ic_shop_blue.png in Resources */ = {isa = PBXBuildFile; fileRef = FDB50B381D92C28F00627BED /* ic_shop_blue.png */; };
		FDB50B7B1D92C28F00627BED /* ic_shop_w_25.png in Resources */ = {isa = PBXBuildFile; fileRef = FDB50B391D92C28F00627BED /* ic_shop_w_25.png */; };
		FDB50B7C1D92C28F00627BED /* ic_shop.png in Resources */ = {isa = PBXBuildFile; fileRef = FDB50B3A1D92C28F00627BED /* ic_shop.png */; };
		FDB50B7D1D92C28F00627BED /* light_01.png in Resources */ = {isa = PBXBuildFile; fileRef = FDB50B3B1D92C28F00627BED /* light_01.png */; };
		FDB50B7E1D92C28F00627BED /* light_02.png in Resources */ = {isa = PBXBuildFile; fileRef = FDB50B3C1D92C28F00627BED /* light_02.png */; };
		FDB50B7F1D92C28F00627BED /* light_03.png in Resources */ = {isa = PBXBuildFile; fileRef = FDB50B3D1D92C28F00627BED /* light_03.png */; };
		FDB50B801D92C28F00627BED /* line_icon.png in Resources */ = {isa = PBXBuildFile; fileRef = FDB50B3E1D92C28F00627BED /* line_icon.png */; };
		FDB50B811D92C28F00627BED /* logo.png in Resources */ = {isa = PBXBuildFile; fileRef = FDB50B3F1D92C28F00627BED /* logo.png */; };
		FDB50B821D92C28F00627BED /* logo2.jpg in Resources */ = {isa = PBXBuildFile; fileRef = FDB50B401D92C28F00627BED /* logo2.jpg */; };
		FDB50B831D92C28F00627BED /* logo2.png in Resources */ = {isa = PBXBuildFile; fileRef = FDB50B411D92C28F00627BED /* logo2.png */; };
		FDB50B841D92C28F00627BED /* lx_icon.png in Resources */ = {isa = PBXBuildFile; fileRef = FDB50B421D92C28F00627BED /* lx_icon.png */; };
		FDB50B851D92C28F00627BED /* navigation_bar.png in Resources */ = {isa = PBXBuildFile; fileRef = FDB50B431D92C28F00627BED /* navigation_bar.png */; };
		FDB50B861D92C28F00627BED /* need.gif in Resources */ = {isa = PBXBuildFile; fileRef = FDB50B441D92C28F00627BED /* need.gif */; };
		FDB50B871D92C28F00627BED /* poor.gif in Resources */ = {isa = PBXBuildFile; fileRef = FDB50B451D92C28F00627BED /* poor.gif */; };
		FDB50B881D92C28F00627BED /* rank_1.gif in Resources */ = {isa = PBXBuildFile; fileRef = FDB50B461D92C28F00627BED /* rank_1.gif */; };
		FDB50B891D92C28F00627BED /* rank_2.gif in Resources */ = {isa = PBXBuildFile; fileRef = FDB50B471D92C28F00627BED /* rank_2.gif */; };
		FDB50B8A1D92C28F00627BED /* rank_3.gif in Resources */ = {isa = PBXBuildFile; fileRef = FDB50B481D92C28F00627BED /* rank_3.gif */; };
		FDB50B8B1D92C28F00627BED /* rank_4.gif in Resources */ = {isa = PBXBuildFile; fileRef = FDB50B491D92C28F00627BED /* rank_4.gif */; };
		FDB50B8C1D92C28F00627BED /* room_bg.png in Resources */ = {isa = PBXBuildFile; fileRef = FDB50B4A1D92C28F00627BED /* room_bg.png */; };
		FDB50B8D1D92C28F00627BED /* start_320x480.png in Resources */ = {isa = PBXBuildFile; fileRef = FDB50B4B1D92C28F00627BED /* start_320x480.png */; };
		FDB50B8E1D92C28F00627BED /* start_640x960.png in Resources */ = {isa = PBXBuildFile; fileRef = FDB50B4C1D92C28F00627BED /* start_640x960.png */; };
		FDB50B8F1D92C28F00627BED /* start_640x1136.png in Resources */ = {isa = PBXBuildFile; fileRef = FDB50B4D1D92C28F00627BED /* start_640x1136.png */; };
		FDB50B901D92C28F00627BED /* start_750x1334.png in Resources */ = {isa = PBXBuildFile; fileRef = FDB50B4E1D92C28F00627BED /* start_750x1334.png */; };
		FDB50B911D92C28F00627BED /* start_1242x2208.png in Resources */ = {isa = PBXBuildFile; fileRef = FDB50B4F1D92C28F00627BED /* start_1242x2208.png */; };
		FDB50B921D92C28F00627BED /* very.gif in Resources */ = {isa = PBXBuildFile; fileRef = FDB50B501D92C28F00627BED /* very.gif */; };
		FDBEC3951D92CD9200D3DC69 /* RegisterController.swift in Sources */ = {isa = PBXBuildFile; fileRef = FDBEC3941D92CD9200D3DC69 /* RegisterController.swift */; };
		FDBEC3971D92CDD800D3DC69 /* ForgetPwdController.swift in Sources */ = {isa = PBXBuildFile; fileRef = FDBEC3961D92CDD800D3DC69 /* ForgetPwdController.swift */; };
		FDC1DA481D99553200FB3019 /* MyButton.m in Sources */ = {isa = PBXBuildFile; fileRef = FDC1DA471D99553200FB3019 /* MyButton.m */; };
		FDF23AA41D94DEB80046AD5E /* libsmartlinklib_7x.a in Frameworks */ = {isa = PBXBuildFile; fileRef = FDF23AA31D94DEB80046AD5E /* libsmartlinklib_7x.a */; };
		FDF23AA51D94DEEC0046AD5E /* HFSmartLink.h in Sources */ = {isa = PBXBuildFile; fileRef = FD61E5381D942D6700C9AA91 /* HFSmartLink.h */; };
		FDF23AA61D94DEF00046AD5E /* HFSmartLinkDeviceInfo.h in Sources */ = {isa = PBXBuildFile; fileRef = FD61E5391D942D6700C9AA91 /* HFSmartLinkDeviceInfo.h */; };
		FDF23AA71D94DEF30046AD5E /* smartlinklib_7x.h in Sources */ = {isa = PBXBuildFile; fileRef = FD61E53A1D942D6700C9AA91 /* smartlinklib_7x.h */; };
		FDF23AAA1D94ED4D0046AD5E /* DateTimePicker.m in Sources */ = {isa = PBXBuildFile; fileRef = FDF23AA91D94ED4D0046AD5E /* DateTimePicker.m */; };
		FDF37E601D93664B00C00702 /* MainController.swift in Sources */ = {isa = PBXBuildFile; fileRef = FDF37E5F1D93664B00C00702 /* MainController.swift */; };
		FDF37E731D93845000C00702 /* MKNetworkKit in Resources */ = {isa = PBXBuildFile; fileRef = FDF37E721D93845000C00702 /* MKNetworkKit */; };
/* End PBXBuildFile section */

/* Begin PBXContainerItemProxy section */
		FDB50A6E1D92C19600627BED /* PBXContainerItemProxy */ = {
			isa = PBXContainerItemProxy;
			containerPortal = FDB50A511D92C19600627BED /* Project object */;
			proxyType = 1;
			remoteGlobalIDString = FDB50A581D92C19600627BED;
			remoteInfo = airtree_swift;
		};
		FDB50A791D92C19600627BED /* PBXContainerItemProxy */ = {
			isa = PBXContainerItemProxy;
			containerPortal = FDB50A511D92C19600627BED /* Project object */;
			proxyType = 1;
			remoteGlobalIDString = FDB50A581D92C19600627BED;
			remoteInfo = airtree_swift;
		};
/* End PBXContainerItemProxy section */

/* Begin PBXFileReference section */
		3514A5469B5A6C9986CA1596 /* Global.swift */ = {isa = PBXFileReference; fileEncoding = 4; lastKnownFileType = sourcecode.swift; path = Global.swift; sourceTree = "<group>"; };
		FD568A4B1D9387CC003CEB5F /* MKNetworkKit */ = {isa = PBXFileReference; lastKnownFileType = folder; name = MKNetworkKit; path = /Users/bin.shen/ios_dev/airtree_swift/MKNetworkKit; sourceTree = "<absolute>"; };
		FD568AC51D939BE7003CEB5F /* MKCache.h */ = {isa = PBXFileReference; lastKnownFileType = sourcecode.c.h; name = MKCache.h; path = MKNetworkKit/MKCache.h; sourceTree = "<group>"; };
		FD568AC61D939BE7003CEB5F /* MKCache.m */ = {isa = PBXFileReference; lastKnownFileType = sourcecode.c.objc; name = MKCache.m; path = MKNetworkKit/MKCache.m; sourceTree = "<group>"; };
		FD568AC71D939BE7003CEB5F /* MKNetworkHost.h */ = {isa = PBXFileReference; lastKnownFileType = sourcecode.c.h; name = MKNetworkHost.h; path = MKNetworkKit/MKNetworkHost.h; sourceTree = "<group>"; };
		FD568AC81D939BE7003CEB5F /* MKNetworkHost.m */ = {isa = PBXFileReference; lastKnownFileType = sourcecode.c.objc; name = MKNetworkHost.m; path = MKNetworkKit/MKNetworkHost.m; sourceTree = "<group>"; };
		FD568AC91D939BE7003CEB5F /* MKNetworkKit.h */ = {isa = PBXFileReference; lastKnownFileType = sourcecode.c.h; name = MKNetworkKit.h; path = MKNetworkKit/MKNetworkKit.h; sourceTree = "<group>"; };
		FD568ACA1D939BE7003CEB5F /* MKNetworkRequest.h */ = {isa = PBXFileReference; lastKnownFileType = sourcecode.c.h; name = MKNetworkRequest.h; path = MKNetworkKit/MKNetworkRequest.h; sourceTree = "<group>"; };
		FD568ACB1D939BE7003CEB5F /* MKNetworkRequest.m */ = {isa = PBXFileReference; lastKnownFileType = sourcecode.c.objc; name = MKNetworkRequest.m; path = MKNetworkKit/MKNetworkRequest.m; sourceTree = "<group>"; };
		FD568ACC1D939BE7003CEB5F /* MKObject.h */ = {isa = PBXFileReference; lastKnownFileType = sourcecode.c.h; name = MKObject.h; path = MKNetworkKit/MKObject.h; sourceTree = "<group>"; };
		FD568ACD1D939BE7003CEB5F /* MKObject.m */ = {isa = PBXFileReference; lastKnownFileType = sourcecode.c.objc; name = MKObject.m; path = MKNetworkKit/MKObject.m; sourceTree = "<group>"; };
		FD568AD71D939C10003CEB5F /* NSDate+RFC1123.h */ = {isa = PBXFileReference; lastKnownFileType = sourcecode.c.h; name = "NSDate+RFC1123.h"; path = "MKNetworkKit/Extensions/NSDate+RFC1123.h"; sourceTree = "<group>"; };
		FD568AD81D939C10003CEB5F /* NSDate+RFC1123.m */ = {isa = PBXFileReference; lastKnownFileType = sourcecode.c.objc; name = "NSDate+RFC1123.m"; path = "MKNetworkKit/Extensions/NSDate+RFC1123.m"; sourceTree = "<group>"; };
		FD568AD91D939C10003CEB5F /* NSDictionary+MKNKAdditions.h */ = {isa = PBXFileReference; lastKnownFileType = sourcecode.c.h; name = "NSDictionary+MKNKAdditions.h"; path = "MKNetworkKit/Extensions/NSDictionary+MKNKAdditions.h"; sourceTree = "<group>"; };
		FD568ADA1D939C10003CEB5F /* NSDictionary+MKNKAdditions.m */ = {isa = PBXFileReference; lastKnownFileType = sourcecode.c.objc; name = "NSDictionary+MKNKAdditions.m"; path = "MKNetworkKit/Extensions/NSDictionary+MKNKAdditions.m"; sourceTree = "<group>"; };
		FD568ADB1D939C10003CEB5F /* NSHTTPURLResponse+MKNKAdditions.h */ = {isa = PBXFileReference; lastKnownFileType = sourcecode.c.h; name = "NSHTTPURLResponse+MKNKAdditions.h"; path = "MKNetworkKit/Extensions/NSHTTPURLResponse+MKNKAdditions.h"; sourceTree = "<group>"; };
		FD568ADC1D939C10003CEB5F /* NSHTTPURLResponse+MKNKAdditions.m */ = {isa = PBXFileReference; lastKnownFileType = sourcecode.c.objc; name = "NSHTTPURLResponse+MKNKAdditions.m"; path = "MKNetworkKit/Extensions/NSHTTPURLResponse+MKNKAdditions.m"; sourceTree = "<group>"; };
		FD568ADD1D939C10003CEB5F /* NSMutableDictionary+MKNKAdditions.h */ = {isa = PBXFileReference; lastKnownFileType = sourcecode.c.h; name = "NSMutableDictionary+MKNKAdditions.h"; path = "MKNetworkKit/Extensions/NSMutableDictionary+MKNKAdditions.h"; sourceTree = "<group>"; };
		FD568ADE1D939C10003CEB5F /* NSMutableDictionary+MKNKAdditions.m */ = {isa = PBXFileReference; lastKnownFileType = sourcecode.c.objc; name = "NSMutableDictionary+MKNKAdditions.m"; path = "MKNetworkKit/Extensions/NSMutableDictionary+MKNKAdditions.m"; sourceTree = "<group>"; };
		FD568ADF1D939C10003CEB5F /* NSString+MKNKAdditions.h */ = {isa = PBXFileReference; lastKnownFileType = sourcecode.c.h; name = "NSString+MKNKAdditions.h"; path = "MKNetworkKit/Extensions/NSString+MKNKAdditions.h"; sourceTree = "<group>"; };
		FD568AE01D939C10003CEB5F /* NSString+MKNKAdditions.m */ = {isa = PBXFileReference; lastKnownFileType = sourcecode.c.objc; name = "NSString+MKNKAdditions.m"; path = "MKNetworkKit/Extensions/NSString+MKNKAdditions.m"; sourceTree = "<group>"; };
		FD568AE11D939C10003CEB5F /* UIAlertView+MKNKAdditions.h */ = {isa = PBXFileReference; lastKnownFileType = sourcecode.c.h; name = "UIAlertView+MKNKAdditions.h"; path = "MKNetworkKit/Extensions/UIAlertView+MKNKAdditions.h"; sourceTree = "<group>"; };
		FD568AE21D939C10003CEB5F /* UIAlertView+MKNKAdditions.m */ = {isa = PBXFileReference; lastKnownFileType = sourcecode.c.objc; name = "UIAlertView+MKNKAdditions.m"; path = "MKNetworkKit/Extensions/UIAlertView+MKNKAdditions.m"; sourceTree = "<group>"; };
		FD568AE31D939C10003CEB5F /* UIImageView+MKNKAdditions.h */ = {isa = PBXFileReference; lastKnownFileType = sourcecode.c.h; name = "UIImageView+MKNKAdditions.h"; path = "MKNetworkKit/Extensions/UIImageView+MKNKAdditions.h"; sourceTree = "<group>"; };
		FD568AE41D939C10003CEB5F /* UIImageView+MKNKAdditions.m */ = {isa = PBXFileReference; lastKnownFileType = sourcecode.c.objc; name = "UIImageView+MKNKAdditions.m"; path = "MKNetworkKit/Extensions/UIImageView+MKNKAdditions.m"; sourceTree = "<group>"; };
		FD568AF31D93B6F2003CEB5F /* airtree_swift_Bridging-Header.h */ = {isa = PBXFileReference; fileEncoding = 4; lastKnownFileType = sourcecode.c.h; path = "airtree_swift_Bridging-Header.h"; sourceTree = "<group>"; };
		FD568AF41D93C0DF003CEB5F /* PersonController.swift */ = {isa = PBXFileReference; fileEncoding = 4; lastKnownFileType = sourcecode.swift; path = PersonController.swift; sourceTree = "<group>"; };
		FD568AF61D93CD6B003CEB5F /* PersonNicknameController.swift */ = {isa = PBXFileReference; fileEncoding = 4; lastKnownFileType = sourcecode.swift; path = PersonNicknameController.swift; sourceTree = "<group>"; };
		FD568AF81D93CD8A003CEB5F /* PersonPasswordController.swift */ = {isa = PBXFileReference; fileEncoding = 4; lastKnownFileType = sourcecode.swift; path = PersonPasswordController.swift; sourceTree = "<group>"; };
		FD568AFA1D93CD9A003CEB5F /* PersonFeedbackController.swift */ = {isa = PBXFileReference; fileEncoding = 4; lastKnownFileType = sourcecode.swift; path = PersonFeedbackController.swift; sourceTree = "<group>"; };
		FD568AFC1D93CFFF003CEB5F /* ShopController.swift */ = {isa = PBXFileReference; fileEncoding = 4; lastKnownFileType = sourcecode.swift; path = ShopController.swift; sourceTree = "<group>"; };
		FD568AFE1D93D597003CEB5F /* DeviceManageController.swift */ = {isa = PBXFileReference; fileEncoding = 4; lastKnownFileType = sourcecode.swift; path = DeviceManageController.swift; sourceTree = "<group>"; };
		FD61E5271D9424F500C9AA91 /* DeviceInfoController.swift */ = {isa = PBXFileReference; fileEncoding = 4; lastKnownFileType = sourcecode.swift; path = DeviceInfoController.swift; sourceTree = "<group>"; };
		FD61E5291D942AF100C9AA91 /* DeviceDetailReviseController.swift */ = {isa = PBXFileReference; fileEncoding = 4; lastKnownFileType = sourcecode.swift; path = DeviceDetailReviseController.swift; sourceTree = "<group>"; };
		FD61E52B1D942B0300C9AA91 /* HistoryController.swift */ = {isa = PBXFileReference; fileEncoding = 4; lastKnownFileType = sourcecode.swift; path = HistoryController.swift; sourceTree = "<group>"; };
		FD61E52D1D942B2D00C9AA91 /* DeviceAddController.swift */ = {isa = PBXFileReference; fileEncoding = 4; lastKnownFileType = sourcecode.swift; path = DeviceAddController.swift; sourceTree = "<group>"; };
		FD61E52F1D942B5400C9AA91 /* DeviceViewController.swift */ = {isa = PBXFileReference; fileEncoding = 4; lastKnownFileType = sourcecode.swift; path = DeviceViewController.swift; sourceTree = "<group>"; };
		FD61E5311D942B6800C9AA91 /* MonitorController.swift */ = {isa = PBXFileReference; fileEncoding = 4; lastKnownFileType = sourcecode.swift; path = MonitorController.swift; sourceTree = "<group>"; };
		FD61E5331D942B7700C9AA91 /* MonitorContentController.swift */ = {isa = PBXFileReference; fileEncoding = 4; lastKnownFileType = sourcecode.swift; path = MonitorContentController.swift; sourceTree = "<group>"; };
		FD61E5351D942BCB00C9AA91 /* Reachability.h */ = {isa = PBXFileReference; fileEncoding = 4; lastKnownFileType = sourcecode.c.h; path = Reachability.h; sourceTree = "<group>"; };
		FD61E5361D942BCB00C9AA91 /* Reachability.m */ = {isa = PBXFileReference; fileEncoding = 4; lastKnownFileType = sourcecode.c.objc; path = Reachability.m; sourceTree = "<group>"; };
		FD61E5381D942D6700C9AA91 /* HFSmartLink.h */ = {isa = PBXFileReference; fileEncoding = 4; lastKnownFileType = sourcecode.c.h; path = HFSmartLink.h; sourceTree = "<group>"; };
		FD61E5391D942D6700C9AA91 /* HFSmartLinkDeviceInfo.h */ = {isa = PBXFileReference; fileEncoding = 4; lastKnownFileType = sourcecode.c.h; path = HFSmartLinkDeviceInfo.h; sourceTree = "<group>"; };
		FD61E53A1D942D6700C9AA91 /* smartlinklib_7x.h */ = {isa = PBXFileReference; fileEncoding = 4; lastKnownFileType = sourcecode.c.h; path = smartlinklib_7x.h; sourceTree = "<group>"; };
		FD61E53B1D942D6700C9AA91 /* UIImage+animatedGIF.h */ = {isa = PBXFileReference; fileEncoding = 4; lastKnownFileType = sourcecode.c.h; path = "UIImage+animatedGIF.h"; sourceTree = "<group>"; };
		FD61E53C1D942D6700C9AA91 /* UIImage+animatedGIF.m */ = {isa = PBXFileReference; fileEncoding = 4; lastKnownFileType = sourcecode.c.objc; path = "UIImage+animatedGIF.m"; sourceTree = "<group>"; };
		FD6B6A771D95894F005F51AF /* BackgroundRunner.h */ = {isa = PBXFileReference; fileEncoding = 4; lastKnownFileType = sourcecode.c.h; path = BackgroundRunner.h; sourceTree = "<group>"; };
		FD6B6A781D95894F005F51AF /* BackgroundRunner.m */ = {isa = PBXFileReference; fileEncoding = 4; lastKnownFileType = sourcecode.c.objc; path = BackgroundRunner.m; sourceTree = "<group>"; };
		FDB50A591D92C19600627BED /* airtree_swift.app */ = {isa = PBXFileReference; explicitFileType = wrapper.application; includeInIndex = 0; path = airtree_swift.app; sourceTree = BUILT_PRODUCTS_DIR; };
		FDB50A5C1D92C19600627BED /* AppDelegate.swift */ = {isa = PBXFileReference; lastKnownFileType = sourcecode.swift; path = AppDelegate.swift; sourceTree = "<group>"; };
		FDB50A5E1D92C19600627BED /* ViewController.swift */ = {isa = PBXFileReference; lastKnownFileType = sourcecode.swift; path = ViewController.swift; sourceTree = "<group>"; };
		FDB50A611D92C19600627BED /* Base */ = {isa = PBXFileReference; lastKnownFileType = file.storyboard; name = Base; path = Base.lproj/Main.storyboard; sourceTree = "<group>"; };
		FDB50A631D92C19600627BED /* Assets.xcassets */ = {isa = PBXFileReference; lastKnownFileType = folder.assetcatalog; path = Assets.xcassets; sourceTree = "<group>"; };
		FDB50A681D92C19600627BED /* Info.plist */ = {isa = PBXFileReference; lastKnownFileType = text.plist.xml; path = Info.plist; sourceTree = "<group>"; };
		FDB50A6D1D92C19600627BED /* airtree_swiftTests.xctest */ = {isa = PBXFileReference; explicitFileType = wrapper.cfbundle; includeInIndex = 0; path = airtree_swiftTests.xctest; sourceTree = BUILT_PRODUCTS_DIR; };
		FDB50A711D92C19600627BED /* airtree_swiftTests.swift */ = {isa = PBXFileReference; lastKnownFileType = sourcecode.swift; path = airtree_swiftTests.swift; sourceTree = "<group>"; };
		FDB50A731D92C19600627BED /* Info.plist */ = {isa = PBXFileReference; lastKnownFileType = text.plist.xml; path = Info.plist; sourceTree = "<group>"; };
		FDB50A781D92C19600627BED /* airtree_swiftUITests.xctest */ = {isa = PBXFileReference; explicitFileType = wrapper.cfbundle; includeInIndex = 0; path = airtree_swiftUITests.xctest; sourceTree = BUILT_PRODUCTS_DIR; };
		FDB50A7C1D92C19600627BED /* airtree_swiftUITests.swift */ = {isa = PBXFileReference; lastKnownFileType = sourcecode.swift; path = airtree_swiftUITests.swift; sourceTree = "<group>"; };
		FDB50A7E1D92C19600627BED /* Info.plist */ = {isa = PBXFileReference; lastKnownFileType = text.plist.xml; path = Info.plist; sourceTree = "<group>"; };
		FDB50B0F1D92C28F00627BED /* bg_jiaquan_s.png */ = {isa = PBXFileReference; lastKnownFileType = image.png; name = bg_jiaquan_s.png; path = images/bg_jiaquan_s.png; sourceTree = "<group>"; };
		FDB50B101D92C28F00627BED /* bg_jiaquan.png */ = {isa = PBXFileReference; lastKnownFileType = image.png; name = bg_jiaquan.png; path = images/bg_jiaquan.png; sourceTree = "<group>"; };
		FDB50B111D92C28F00627BED /* bg_pm_s.png */ = {isa = PBXFileReference; lastKnownFileType = image.png; name = bg_pm_s.png; path = images/bg_pm_s.png; sourceTree = "<group>"; };
		FDB50B121D92C28F00627BED /* bg_pm.png */ = {isa = PBXFileReference; lastKnownFileType = image.png; name = bg_pm.png; path = images/bg_pm.png; sourceTree = "<group>"; };
		FDB50B131D92C28F00627BED /* bg_shidu_s.png */ = {isa = PBXFileReference; lastKnownFileType = image.png; name = bg_shidu_s.png; path = images/bg_shidu_s.png; sourceTree = "<group>"; };
		FDB50B141D92C28F00627BED /* bg_shidu.png */ = {isa = PBXFileReference; lastKnownFileType = image.png; name = bg_shidu.png; path = images/bg_shidu.png; sourceTree = "<group>"; };
		FDB50B151D92C28F00627BED /* bg_wendu_s.png */ = {isa = PBXFileReference; lastKnownFileType = image.png; name = bg_wendu_s.png; path = images/bg_wendu_s.png; sourceTree = "<group>"; };
		FDB50B161D92C28F00627BED /* bg_wendu.png */ = {isa = PBXFileReference; lastKnownFileType = image.png; name = bg_wendu.png; path = images/bg_wendu.png; sourceTree = "<group>"; };
		FDB50B171D92C28F00627BED /* dontneed.gif */ = {isa = PBXFileReference; lastKnownFileType = image.gif; name = dontneed.gif; path = images/dontneed.gif; sourceTree = "<group>"; };
		FDB50B181D92C28F00627BED /* general.gif */ = {isa = PBXFileReference; lastKnownFileType = image.gif; name = general.gif; path = images/general.gif; sourceTree = "<group>"; };
		FDB50B191D92C28F00627BED /* good.gif */ = {isa = PBXFileReference; lastKnownFileType = image.gif; name = good.gif; path = images/good.gif; sourceTree = "<group>"; };
		FDB50B1A1D92C28F00627BED /* ic_device_25.png */ = {isa = PBXFileReference; lastKnownFileType = image.png; name = ic_device_25.png; path = images/ic_device_25.png; sourceTree = "<group>"; };
		FDB50B1B1D92C28F00627BED /* ic_device_30.png */ = {isa = PBXFileReference; lastKnownFileType = image.png; name = ic_device_30.png; path = images/ic_device_30.png; sourceTree = "<group>"; };
		FDB50B1C1D92C28F00627BED /* ic_device.png */ = {isa = PBXFileReference; lastKnownFileType = image.png; name = ic_device.png; path = images/ic_device.png; sourceTree = "<group>"; };
		FDB50B1D1D92C28F00627BED /* ic_ele_1.png */ = {isa = PBXFileReference; lastKnownFileType = image.png; name = ic_ele_1.png; path = images/ic_ele_1.png; sourceTree = "<group>"; };
		FDB50B1E1D92C28F00627BED /* ic_ele_1s.png */ = {isa = PBXFileReference; lastKnownFileType = image.png; name = ic_ele_1s.png; path = images/ic_ele_1s.png; sourceTree = "<group>"; };
		FDB50B1F1D92C28F00627BED /* ic_ele_2.png */ = {isa = PBXFileReference; lastKnownFileType = image.png; name = ic_ele_2.png; path = images/ic_ele_2.png; sourceTree = "<group>"; };
		FDB50B201D92C28F00627BED /* ic_ele_2s.png */ = {isa = PBXFileReference; lastKnownFileType = image.png; name = ic_ele_2s.png; path = images/ic_ele_2s.png; sourceTree = "<group>"; };
		FDB50B211D92C28F00627BED /* ic_ele_3.png */ = {isa = PBXFileReference; lastKnownFileType = image.png; name = ic_ele_3.png; path = images/ic_ele_3.png; sourceTree = "<group>"; };
		FDB50B221D92C28F00627BED /* ic_ele_3s.png */ = {isa = PBXFileReference; lastKnownFileType = image.png; name = ic_ele_3s.png; path = images/ic_ele_3s.png; sourceTree = "<group>"; };
		FDB50B231D92C28F00627BED /* ic_ele_4.png */ = {isa = PBXFileReference; lastKnownFileType = image.png; name = ic_ele_4.png; path = images/ic_ele_4.png; sourceTree = "<group>"; };
		FDB50B241D92C28F00627BED /* ic_ele_4s.png */ = {isa = PBXFileReference; lastKnownFileType = image.png; name = ic_ele_4s.png; path = images/ic_ele_4s.png; sourceTree = "<group>"; };
		FDB50B251D92C28F00627BED /* ic_ele_5.png */ = {isa = PBXFileReference; lastKnownFileType = image.png; name = ic_ele_5.png; path = images/ic_ele_5.png; sourceTree = "<group>"; };
		FDB50B261D92C28F00627BED /* ic_ele_5s.png */ = {isa = PBXFileReference; lastKnownFileType = image.png; name = ic_ele_5s.png; path = images/ic_ele_5s.png; sourceTree = "<group>"; };
		FDB50B271D92C28F00627BED /* ic_ele_n0s.png */ = {isa = PBXFileReference; lastKnownFileType = image.png; name = ic_ele_n0s.png; path = images/ic_ele_n0s.png; sourceTree = "<group>"; };
		FDB50B281D92C28F00627BED /* ic_ele_n1s.png */ = {isa = PBXFileReference; lastKnownFileType = image.png; name = ic_ele_n1s.png; path = images/ic_ele_n1s.png; sourceTree = "<group>"; };
		FDB50B291D92C28F00627BED /* ic_ele_n2s.png */ = {isa = PBXFileReference; lastKnownFileType = image.png; name = ic_ele_n2s.png; path = images/ic_ele_n2s.png; sourceTree = "<group>"; };
		FDB50B2A1D92C28F00627BED /* ic_ele_n3s.png */ = {isa = PBXFileReference; lastKnownFileType = image.png; name = ic_ele_n3s.png; path = images/ic_ele_n3s.png; sourceTree = "<group>"; };
		FDB50B2B1D92C28F00627BED /* ic_ele_n4s.png */ = {isa = PBXFileReference; lastKnownFileType = image.png; name = ic_ele_n4s.png; path = images/ic_ele_n4s.png; sourceTree = "<group>"; };
		FDB50B2C1D92C28F00627BED /* ic_history.png */ = {isa = PBXFileReference; lastKnownFileType = image.png; name = ic_history.png; path = images/ic_history.png; sourceTree = "<group>"; };
		FDB50B2D1D92C28F00627BED /* ic_launcher_40x40.png */ = {isa = PBXFileReference; lastKnownFileType = image.png; name = ic_launcher_40x40.png; path = images/ic_launcher_40x40.png; sourceTree = "<group>"; };
		FDB50B2E1D92C28F00627BED /* ic_launcher_58x58.png */ = {isa = PBXFileReference; lastKnownFileType = image.png; name = ic_launcher_58x58.png; path = images/ic_launcher_58x58.png; sourceTree = "<group>"; };
		FDB50B2F1D92C28F00627BED /* ic_launcher_60x60.png */ = {isa = PBXFileReference; lastKnownFileType = image.png; name = ic_launcher_60x60.png; path = images/ic_launcher_60x60.png; sourceTree = "<group>"; };
		FDB50B301D92C28F00627BED /* ic_launcher_80x80.png */ = {isa = PBXFileReference; lastKnownFileType = image.png; name = ic_launcher_80x80.png; path = images/ic_launcher_80x80.png; sourceTree = "<group>"; };
		FDB50B311D92C28F00627BED /* ic_launcher_87x87.png */ = {isa = PBXFileReference; lastKnownFileType = image.png; name = ic_launcher_87x87.png; path = images/ic_launcher_87x87.png; sourceTree = "<group>"; };
		FDB50B321D92C28F00627BED /* ic_launcher_120x120.png */ = {isa = PBXFileReference; lastKnownFileType = image.png; name = ic_launcher_120x120.png; path = images/ic_launcher_120x120.png; sourceTree = "<group>"; };
		FDB50B331D92C28F00627BED /* ic_launcher_180x180.png */ = {isa = PBXFileReference; lastKnownFileType = image.png; name = ic_launcher_180x180.png; path = images/ic_launcher_180x180.png; sourceTree = "<group>"; };
		FDB50B341D92C28F00627BED /* ic_person_w_25.png */ = {isa = PBXFileReference; lastKnownFileType = image.png; name = ic_person_w_25.png; path = images/ic_person_w_25.png; sourceTree = "<group>"; };
		FDB50B351D92C28F00627BED /* ic_person.png */ = {isa = PBXFileReference; lastKnownFileType = image.png; name = ic_person.png; path = images/ic_person.png; sourceTree = "<group>"; };
		FDB50B361D92C28F00627BED /* ic_shop_25.png */ = {isa = PBXFileReference; lastKnownFileType = image.png; name = ic_shop_25.png; path = images/ic_shop_25.png; sourceTree = "<group>"; };
		FDB50B371D92C28F00627BED /* ic_shop_30.png */ = {isa = PBXFileReference; lastKnownFileType = image.png; name = ic_shop_30.png; path = images/ic_shop_30.png; sourceTree = "<group>"; };
		FDB50B381D92C28F00627BED /* ic_shop_blue.png */ = {isa = PBXFileReference; lastKnownFileType = image.png; name = ic_shop_blue.png; path = images/ic_shop_blue.png; sourceTree = "<group>"; };
		FDB50B391D92C28F00627BED /* ic_shop_w_25.png */ = {isa = PBXFileReference; lastKnownFileType = image.png; name = ic_shop_w_25.png; path = images/ic_shop_w_25.png; sourceTree = "<group>"; };
		FDB50B3A1D92C28F00627BED /* ic_shop.png */ = {isa = PBXFileReference; lastKnownFileType = image.png; name = ic_shop.png; path = images/ic_shop.png; sourceTree = "<group>"; };
		FDB50B3B1D92C28F00627BED /* light_01.png */ = {isa = PBXFileReference; lastKnownFileType = image.png; name = light_01.png; path = images/light_01.png; sourceTree = "<group>"; };
		FDB50B3C1D92C28F00627BED /* light_02.png */ = {isa = PBXFileReference; lastKnownFileType = image.png; name = light_02.png; path = images/light_02.png; sourceTree = "<group>"; };
		FDB50B3D1D92C28F00627BED /* light_03.png */ = {isa = PBXFileReference; lastKnownFileType = image.png; name = light_03.png; path = images/light_03.png; sourceTree = "<group>"; };
		FDB50B3E1D92C28F00627BED /* line_icon.png */ = {isa = PBXFileReference; lastKnownFileType = image.png; name = line_icon.png; path = images/line_icon.png; sourceTree = "<group>"; };
		FDB50B3F1D92C28F00627BED /* logo.png */ = {isa = PBXFileReference; lastKnownFileType = image.png; name = logo.png; path = images/logo.png; sourceTree = "<group>"; };
		FDB50B401D92C28F00627BED /* logo2.jpg */ = {isa = PBXFileReference; lastKnownFileType = image.jpeg; name = logo2.jpg; path = images/logo2.jpg; sourceTree = "<group>"; };
		FDB50B411D92C28F00627BED /* logo2.png */ = {isa = PBXFileReference; lastKnownFileType = image.png; name = logo2.png; path = images/logo2.png; sourceTree = "<group>"; };
		FDB50B421D92C28F00627BED /* lx_icon.png */ = {isa = PBXFileReference; lastKnownFileType = image.png; name = lx_icon.png; path = images/lx_icon.png; sourceTree = "<group>"; };
		FDB50B431D92C28F00627BED /* navigation_bar.png */ = {isa = PBXFileReference; lastKnownFileType = image.png; name = navigation_bar.png; path = images/navigation_bar.png; sourceTree = "<group>"; };
		FDB50B441D92C28F00627BED /* need.gif */ = {isa = PBXFileReference; lastKnownFileType = image.gif; name = need.gif; path = images/need.gif; sourceTree = "<group>"; };
		FDB50B451D92C28F00627BED /* poor.gif */ = {isa = PBXFileReference; lastKnownFileType = image.gif; name = poor.gif; path = images/poor.gif; sourceTree = "<group>"; };
		FDB50B461D92C28F00627BED /* rank_1.gif */ = {isa = PBXFileReference; lastKnownFileType = image.gif; name = rank_1.gif; path = images/rank_1.gif; sourceTree = "<group>"; };
		FDB50B471D92C28F00627BED /* rank_2.gif */ = {isa = PBXFileReference; lastKnownFileType = image.gif; name = rank_2.gif; path = images/rank_2.gif; sourceTree = "<group>"; };
		FDB50B481D92C28F00627BED /* rank_3.gif */ = {isa = PBXFileReference; lastKnownFileType = image.gif; name = rank_3.gif; path = images/rank_3.gif; sourceTree = "<group>"; };
		FDB50B491D92C28F00627BED /* rank_4.gif */ = {isa = PBXFileReference; lastKnownFileType = image.gif; name = rank_4.gif; path = images/rank_4.gif; sourceTree = "<group>"; };
		FDB50B4A1D92C28F00627BED /* room_bg.png */ = {isa = PBXFileReference; lastKnownFileType = image.png; name = room_bg.png; path = images/room_bg.png; sourceTree = "<group>"; };
		FDB50B4B1D92C28F00627BED /* start_320x480.png */ = {isa = PBXFileReference; lastKnownFileType = image.png; name = start_320x480.png; path = images/start_320x480.png; sourceTree = "<group>"; };
		FDB50B4C1D92C28F00627BED /* start_640x960.png */ = {isa = PBXFileReference; lastKnownFileType = image.png; name = start_640x960.png; path = images/start_640x960.png; sourceTree = "<group>"; };
		FDB50B4D1D92C28F00627BED /* start_640x1136.png */ = {isa = PBXFileReference; lastKnownFileType = image.png; name = start_640x1136.png; path = images/start_640x1136.png; sourceTree = "<group>"; };
		FDB50B4E1D92C28F00627BED /* start_750x1334.png */ = {isa = PBXFileReference; lastKnownFileType = image.png; name = start_750x1334.png; path = images/start_750x1334.png; sourceTree = "<group>"; };
		FDB50B4F1D92C28F00627BED /* start_1242x2208.png */ = {isa = PBXFileReference; lastKnownFileType = image.png; name = start_1242x2208.png; path = images/start_1242x2208.png; sourceTree = "<group>"; };
		FDB50B501D92C28F00627BED /* very.gif */ = {isa = PBXFileReference; lastKnownFileType = image.gif; name = very.gif; path = images/very.gif; sourceTree = "<group>"; };
		FDBEC3941D92CD9200D3DC69 /* RegisterController.swift */ = {isa = PBXFileReference; fileEncoding = 4; lastKnownFileType = sourcecode.swift; path = RegisterController.swift; sourceTree = "<group>"; };
		FDBEC3961D92CDD800D3DC69 /* ForgetPwdController.swift */ = {isa = PBXFileReference; fileEncoding = 4; lastKnownFileType = sourcecode.swift; path = ForgetPwdController.swift; sourceTree = "<group>"; };
		FDC1DA461D99553200FB3019 /* MyButton.h */ = {isa = PBXFileReference; fileEncoding = 4; lastKnownFileType = sourcecode.c.h; path = MyButton.h; sourceTree = "<group>"; };
		FDC1DA471D99553200FB3019 /* MyButton.m */ = {isa = PBXFileReference; fileEncoding = 4; lastKnownFileType = sourcecode.c.objc; path = MyButton.m; sourceTree = "<group>"; };
		FDF23AA31D94DEB80046AD5E /* libsmartlinklib_7x.a */ = {isa = PBXFileReference; lastKnownFileType = archive.ar; path = libsmartlinklib_7x.a; sourceTree = "<group>"; };
		FDF23AA81D94ED4D0046AD5E /* DateTimePicker.h */ = {isa = PBXFileReference; fileEncoding = 4; lastKnownFileType = sourcecode.c.h; path = DateTimePicker.h; sourceTree = "<group>"; };
		FDF23AA91D94ED4D0046AD5E /* DateTimePicker.m */ = {isa = PBXFileReference; fileEncoding = 4; lastKnownFileType = sourcecode.c.objc; path = DateTimePicker.m; sourceTree = "<group>"; };
		FDF37E5F1D93664B00C00702 /* MainController.swift */ = {isa = PBXFileReference; fileEncoding = 4; lastKnownFileType = sourcecode.swift; path = MainController.swift; sourceTree = "<group>"; };
		FDF37E721D93845000C00702 /* MKNetworkKit */ = {isa = PBXFileReference; lastKnownFileType = folder; name = MKNetworkKit; path = /Users/bin.shen/ios_dev/airtree_swift/MKNetworkKit; sourceTree = "<absolute>"; };
/* End PBXFileReference section */

/* Begin PBXFrameworksBuildPhase section */
		FDB50A561D92C19600627BED /* Frameworks */ = {
			isa = PBXFrameworksBuildPhase;
			buildActionMask = 2147483647;
			files = (
				FDF23AA41D94DEB80046AD5E /* libsmartlinklib_7x.a in Frameworks */,
			);
			runOnlyForDeploymentPostprocessing = 0;
		};
		FDB50A6A1D92C19600627BED /* Frameworks */ = {
			isa = PBXFrameworksBuildPhase;
			buildActionMask = 2147483647;
			files = (
			);
			runOnlyForDeploymentPostprocessing = 0;
		};
		FDB50A751D92C19600627BED /* Frameworks */ = {
			isa = PBXFrameworksBuildPhase;
			buildActionMask = 2147483647;
			files = (
			);
			runOnlyForDeploymentPostprocessing = 0;
		};
/* End PBXFrameworksBuildPhase section */

/* Begin PBXGroup section */
		FD568A951D939ACC003CEB5F /* MKNetworkKit */ = {
			isa = PBXGroup;
			children = (
				FD568AA81D939B14003CEB5F /* Extensions */,
				FD568AC51D939BE7003CEB5F /* MKCache.h */,
				FD568AC61D939BE7003CEB5F /* MKCache.m */,
				FD568AC71D939BE7003CEB5F /* MKNetworkHost.h */,
				FD568AC81D939BE7003CEB5F /* MKNetworkHost.m */,
				FD568AC91D939BE7003CEB5F /* MKNetworkKit.h */,
				FD568ACA1D939BE7003CEB5F /* MKNetworkRequest.h */,
				FD568ACB1D939BE7003CEB5F /* MKNetworkRequest.m */,
				FD568ACC1D939BE7003CEB5F /* MKObject.h */,
				FD568ACD1D939BE7003CEB5F /* MKObject.m */,
			);
			name = MKNetworkKit;
			sourceTree = "<group>";
		};
		FD568AA81D939B14003CEB5F /* Extensions */ = {
			isa = PBXGroup;
			children = (
				FD568AD71D939C10003CEB5F /* NSDate+RFC1123.h */,
				FD568AD81D939C10003CEB5F /* NSDate+RFC1123.m */,
				FD568AD91D939C10003CEB5F /* NSDictionary+MKNKAdditions.h */,
				FD568ADA1D939C10003CEB5F /* NSDictionary+MKNKAdditions.m */,
				FD568ADB1D939C10003CEB5F /* NSHTTPURLResponse+MKNKAdditions.h */,
				FD568ADC1D939C10003CEB5F /* NSHTTPURLResponse+MKNKAdditions.m */,
				FD568ADD1D939C10003CEB5F /* NSMutableDictionary+MKNKAdditions.h */,
				FD568ADE1D939C10003CEB5F /* NSMutableDictionary+MKNKAdditions.m */,
				FD568ADF1D939C10003CEB5F /* NSString+MKNKAdditions.h */,
				FD568AE01D939C10003CEB5F /* NSString+MKNKAdditions.m */,
				FD568AE11D939C10003CEB5F /* UIAlertView+MKNKAdditions.h */,
				FD568AE21D939C10003CEB5F /* UIAlertView+MKNKAdditions.m */,
				FD568AE31D939C10003CEB5F /* UIImageView+MKNKAdditions.h */,
				FD568AE41D939C10003CEB5F /* UIImageView+MKNKAdditions.m */,
			);
			name = Extensions;
			sourceTree = "<group>";
		};
		FDB50A501D92C19600627BED = {
			isa = PBXGroup;
			children = (
				FDC1DA461D99553200FB3019 /* MyButton.h */,
				FDC1DA471D99553200FB3019 /* MyButton.m */,
				FDB50A5B1D92C19600627BED /* airtree_swift */,
				FDB50A701D92C19600627BED /* airtree_swiftTests */,
				FDB50A7B1D92C19600627BED /* airtree_swiftUITests */,
				FDF37E621D93708400C00702 /* Frameworks */,
				FDB50A5A1D92C19600627BED /* Products */,
				FD568AF31D93B6F2003CEB5F /* airtree_swift_Bridging-Header.h */,
				FD61E5351D942BCB00C9AA91 /* Reachability.h */,
				FD61E5361D942BCB00C9AA91 /* Reachability.m */,
				FD61E5381D942D6700C9AA91 /* HFSmartLink.h */,
				FD61E5391D942D6700C9AA91 /* HFSmartLinkDeviceInfo.h */,
				FD61E53A1D942D6700C9AA91 /* smartlinklib_7x.h */,
				FD61E53B1D942D6700C9AA91 /* UIImage+animatedGIF.h */,
				FD61E53C1D942D6700C9AA91 /* UIImage+animatedGIF.m */,
				FDF23AA81D94ED4D0046AD5E /* DateTimePicker.h */,
				FDF23AA91D94ED4D0046AD5E /* DateTimePicker.m */,
				FD6B6A771D95894F005F51AF /* BackgroundRunner.h */,
				FD6B6A781D95894F005F51AF /* BackgroundRunner.m */,
			);
			sourceTree = "<group>";
		};
		FDB50A5A1D92C19600627BED /* Products */ = {
			isa = PBXGroup;
			children = (
				FDB50A591D92C19600627BED /* airtree_swift.app */,
				FDB50A6D1D92C19600627BED /* airtree_swiftTests.xctest */,
				FDB50A781D92C19600627BED /* airtree_swiftUITests.xctest */,
			);
			name = Products;
			sourceTree = "<group>";
		};
		FDB50A5B1D92C19600627BED /* airtree_swift */ = {
			isa = PBXGroup;
			children = (
				FDB50B0E1D92C27E00627BED /* images */,
				FDB50A601D92C19600627BED /* Main.storyboard */,
				FDB50A631D92C19600627BED /* Assets.xcassets */,
				FDB50A681D92C19600627BED /* Info.plist */,
				FDB50A5C1D92C19600627BED /* AppDelegate.swift */,
				FDB50A5E1D92C19600627BED /* ViewController.swift */,
				FDBEC3941D92CD9200D3DC69 /* RegisterController.swift */,
				FDBEC3961D92CDD800D3DC69 /* ForgetPwdController.swift */,
				FDF37E5F1D93664B00C00702 /* MainController.swift */,
				FD568AF41D93C0DF003CEB5F /* PersonController.swift */,
				FD568AF61D93CD6B003CEB5F /* PersonNicknameController.swift */,
				FD568AF81D93CD8A003CEB5F /* PersonPasswordController.swift */,
				FD568AFA1D93CD9A003CEB5F /* PersonFeedbackController.swift */,
				FD568AFC1D93CFFF003CEB5F /* ShopController.swift */,
				FD568AFE1D93D597003CEB5F /* DeviceManageController.swift */,
				FD61E5271D9424F500C9AA91 /* DeviceInfoController.swift */,
				FD61E5291D942AF100C9AA91 /* DeviceDetailReviseController.swift */,
				FD61E52B1D942B0300C9AA91 /* HistoryController.swift */,
				FD61E52D1D942B2D00C9AA91 /* DeviceAddController.swift */,
				FD61E52F1D942B5400C9AA91 /* DeviceViewController.swift */,
				FD61E5311D942B6800C9AA91 /* MonitorController.swift */,
				FD61E5331D942B7700C9AA91 /* MonitorContentController.swift */,
				3514A5469B5A6C9986CA1596 /* Global.swift */,
			);
			path = airtree_swift;
			sourceTree = "<group>";
		};
		FDB50A701D92C19600627BED /* airtree_swiftTests */ = {
			isa = PBXGroup;
			children = (
				FDB50A711D92C19600627BED /* airtree_swiftTests.swift */,
				FDB50A731D92C19600627BED /* Info.plist */,
			);
			path = airtree_swiftTests;
			sourceTree = "<group>";
		};
		FDB50A7B1D92C19600627BED /* airtree_swiftUITests */ = {
			isa = PBXGroup;
			children = (
				FDB50A7C1D92C19600627BED /* airtree_swiftUITests.swift */,
				FDB50A7E1D92C19600627BED /* Info.plist */,
			);
			path = airtree_swiftUITests;
			sourceTree = "<group>";
		};
		FDB50B0E1D92C27E00627BED /* images */ = {
			isa = PBXGroup;
			children = (
				FDB50B0F1D92C28F00627BED /* bg_jiaquan_s.png */,
				FDB50B101D92C28F00627BED /* bg_jiaquan.png */,
				FDB50B111D92C28F00627BED /* bg_pm_s.png */,
				FDB50B121D92C28F00627BED /* bg_pm.png */,
				FDB50B131D92C28F00627BED /* bg_shidu_s.png */,
				FDB50B141D92C28F00627BED /* bg_shidu.png */,
				FDB50B151D92C28F00627BED /* bg_wendu_s.png */,
				FDB50B161D92C28F00627BED /* bg_wendu.png */,
				FDB50B171D92C28F00627BED /* dontneed.gif */,
				FDB50B181D92C28F00627BED /* general.gif */,
				FDB50B191D92C28F00627BED /* good.gif */,
				FDB50B1A1D92C28F00627BED /* ic_device_25.png */,
				FDB50B1B1D92C28F00627BED /* ic_device_30.png */,
				FDB50B1C1D92C28F00627BED /* ic_device.png */,
				FDB50B1D1D92C28F00627BED /* ic_ele_1.png */,
				FDB50B1E1D92C28F00627BED /* ic_ele_1s.png */,
				FDB50B1F1D92C28F00627BED /* ic_ele_2.png */,
				FDB50B201D92C28F00627BED /* ic_ele_2s.png */,
				FDB50B211D92C28F00627BED /* ic_ele_3.png */,
				FDB50B221D92C28F00627BED /* ic_ele_3s.png */,
				FDB50B231D92C28F00627BED /* ic_ele_4.png */,
				FDB50B241D92C28F00627BED /* ic_ele_4s.png */,
				FDB50B251D92C28F00627BED /* ic_ele_5.png */,
				FDB50B261D92C28F00627BED /* ic_ele_5s.png */,
				FDB50B271D92C28F00627BED /* ic_ele_n0s.png */,
				FDB50B281D92C28F00627BED /* ic_ele_n1s.png */,
				FDB50B291D92C28F00627BED /* ic_ele_n2s.png */,
				FDB50B2A1D92C28F00627BED /* ic_ele_n3s.png */,
				FDB50B2B1D92C28F00627BED /* ic_ele_n4s.png */,
				FDB50B2C1D92C28F00627BED /* ic_history.png */,
				FDB50B2D1D92C28F00627BED /* ic_launcher_40x40.png */,
				FDB50B2E1D92C28F00627BED /* ic_launcher_58x58.png */,
				FDB50B2F1D92C28F00627BED /* ic_launcher_60x60.png */,
				FDB50B301D92C28F00627BED /* ic_launcher_80x80.png */,
				FDB50B311D92C28F00627BED /* ic_launcher_87x87.png */,
				FDB50B321D92C28F00627BED /* ic_launcher_120x120.png */,
				FDB50B331D92C28F00627BED /* ic_launcher_180x180.png */,
				FDB50B341D92C28F00627BED /* ic_person_w_25.png */,
				FDB50B351D92C28F00627BED /* ic_person.png */,
				FDB50B361D92C28F00627BED /* ic_shop_25.png */,
				FDB50B371D92C28F00627BED /* ic_shop_30.png */,
				FDB50B381D92C28F00627BED /* ic_shop_blue.png */,
				FDB50B391D92C28F00627BED /* ic_shop_w_25.png */,
				FDB50B3A1D92C28F00627BED /* ic_shop.png */,
				FDB50B3B1D92C28F00627BED /* light_01.png */,
				FDB50B3C1D92C28F00627BED /* light_02.png */,
				FDB50B3D1D92C28F00627BED /* light_03.png */,
				FDB50B3E1D92C28F00627BED /* line_icon.png */,
				FDB50B3F1D92C28F00627BED /* logo.png */,
				FDB50B401D92C28F00627BED /* logo2.jpg */,
				FDB50B411D92C28F00627BED /* logo2.png */,
				FDB50B421D92C28F00627BED /* lx_icon.png */,
				FDB50B431D92C28F00627BED /* navigation_bar.png */,
				FDB50B441D92C28F00627BED /* need.gif */,
				FDB50B451D92C28F00627BED /* poor.gif */,
				FDB50B461D92C28F00627BED /* rank_1.gif */,
				FDB50B471D92C28F00627BED /* rank_2.gif */,
				FDB50B481D92C28F00627BED /* rank_3.gif */,
				FDB50B491D92C28F00627BED /* rank_4.gif */,
				FDB50B4A1D92C28F00627BED /* room_bg.png */,
				FDB50B4B1D92C28F00627BED /* start_320x480.png */,
				FDB50B4C1D92C28F00627BED /* start_640x960.png */,
				FDB50B4D1D92C28F00627BED /* start_640x1136.png */,
				FDB50B4E1D92C28F00627BED /* start_750x1334.png */,
				FDB50B4F1D92C28F00627BED /* start_1242x2208.png */,
				FDB50B501D92C28F00627BED /* very.gif */,
			);
			name = images;
			sourceTree = "<group>";
		};
		FDF37E621D93708400C00702 /* Frameworks */ = {
			isa = PBXGroup;
			children = (
				FDF23AA31D94DEB80046AD5E /* libsmartlinklib_7x.a */,
				FD568A951D939ACC003CEB5F /* MKNetworkKit */,
			);
			name = Frameworks;
			sourceTree = "<group>";
		};
/* End PBXGroup section */

/* Begin PBXNativeTarget section */
		FDB50A581D92C19600627BED /* airtree_swift */ = {
			isa = PBXNativeTarget;
			buildConfigurationList = FDB50A811D92C19600627BED /* Build configuration list for PBXNativeTarget "airtree_swift" */;
			buildPhases = (
				FDB50A551D92C19600627BED /* Sources */,
				FDB50A561D92C19600627BED /* Frameworks */,
				FDB50A571D92C19600627BED /* Resources */,
			);
			buildRules = (
			);
			dependencies = (
			);
			name = airtree_swift;
			productName = airtree_swift;
			productReference = FDB50A591D92C19600627BED /* airtree_swift.app */;
			productType = "com.apple.product-type.application";
		};
		FDB50A6C1D92C19600627BED /* airtree_swiftTests */ = {
			isa = PBXNativeTarget;
			buildConfigurationList = FDB50A841D92C19600627BED /* Build configuration list for PBXNativeTarget "airtree_swiftTests" */;
			buildPhases = (
				FDB50A691D92C19600627BED /* Sources */,
				FDB50A6A1D92C19600627BED /* Frameworks */,
				FDB50A6B1D92C19600627BED /* Resources */,
			);
			buildRules = (
			);
			dependencies = (
				FDB50A6F1D92C19600627BED /* PBXTargetDependency */,
			);
			name = airtree_swiftTests;
			productName = airtree_swiftTests;
			productReference = FDB50A6D1D92C19600627BED /* airtree_swiftTests.xctest */;
			productType = "com.apple.product-type.bundle.unit-test";
		};
		FDB50A771D92C19600627BED /* airtree_swiftUITests */ = {
			isa = PBXNativeTarget;
			buildConfigurationList = FDB50A871D92C19600627BED /* Build configuration list for PBXNativeTarget "airtree_swiftUITests" */;
			buildPhases = (
				FDB50A741D92C19600627BED /* Sources */,
				FDB50A751D92C19600627BED /* Frameworks */,
				FDB50A761D92C19600627BED /* Resources */,
			);
			buildRules = (
			);
			dependencies = (
				FDB50A7A1D92C19600627BED /* PBXTargetDependency */,
			);
			name = airtree_swiftUITests;
			productName = airtree_swiftUITests;
			productReference = FDB50A781D92C19600627BED /* airtree_swiftUITests.xctest */;
			productType = "com.apple.product-type.bundle.ui-testing";
		};
/* End PBXNativeTarget section */

/* Begin PBXProject section */
		FDB50A511D92C19600627BED /* Project object */ = {
			isa = PBXProject;
			attributes = {
				LastSwiftUpdateCheck = 0800;
				LastUpgradeCheck = 0800;
				ORGANIZATIONNAME = "Bin Shen";
				TargetAttributes = {
					FDB50A581D92C19600627BED = {
						CreatedOnToolsVersion = 8.0;
						DevelopmentTeam = VGXA77XL6T;
						ProvisioningStyle = Automatic;
					};
					FDB50A6C1D92C19600627BED = {
						CreatedOnToolsVersion = 8.0;
						DevelopmentTeam = VGXA77XL6T;
						ProvisioningStyle = Automatic;
						TestTargetID = FDB50A581D92C19600627BED;
					};
					FDB50A771D92C19600627BED = {
						CreatedOnToolsVersion = 8.0;
						DevelopmentTeam = VGXA77XL6T;
						ProvisioningStyle = Automatic;
						TestTargetID = FDB50A581D92C19600627BED;
					};
				};
			};
			buildConfigurationList = FDB50A541D92C19600627BED /* Build configuration list for PBXProject "airtree_swift" */;
			compatibilityVersion = "Xcode 3.2";
			developmentRegion = English;
			hasScannedForEncodings = 0;
			knownRegions = (
				en,
				Base,
			);
			mainGroup = FDB50A501D92C19600627BED;
			productRefGroup = FDB50A5A1D92C19600627BED /* Products */;
			projectDirPath = "";
			projectRoot = "";
			targets = (
				FDB50A581D92C19600627BED /* airtree_swift */,
				FDB50A6C1D92C19600627BED /* airtree_swiftTests */,
				FDB50A771D92C19600627BED /* airtree_swiftUITests */,
			);
		};
/* End PBXProject section */

/* Begin PBXResourcesBuildPhase section */
		FDB50A571D92C19600627BED /* Resources */ = {
			isa = PBXResourcesBuildPhase;
			buildActionMask = 2147483647;
			files = (
				FDB50B811D92C28F00627BED /* logo.png in Resources */,
				FDB50B751D92C28F00627BED /* ic_launcher_180x180.png in Resources */,
				FDB50B5D1D92C28F00627BED /* ic_device_30.png in Resources */,
				FDB50B551D92C28F00627BED /* bg_shidu_s.png in Resources */,
				FDB50B591D92C28F00627BED /* dontneed.gif in Resources */,
				FDB50B721D92C28F00627BED /* ic_launcher_80x80.png in Resources */,
				FDB50B761D92C28F00627BED /* ic_person_w_25.png in Resources */,
				FDB50B841D92C28F00627BED /* lx_icon.png in Resources */,
				FDB50B871D92C28F00627BED /* poor.gif in Resources */,
				FDB50B8B1D92C28F00627BED /* rank_4.gif in Resources */,
				FDB50B781D92C28F00627BED /* ic_shop_25.png in Resources */,
				FDB50B881D92C28F00627BED /* rank_1.gif in Resources */,
				FDB50B7F1D92C28F00627BED /* light_03.png in Resources */,
				FDB50B5E1D92C28F00627BED /* ic_device.png in Resources */,
				FDB50B5C1D92C28F00627BED /* ic_device_25.png in Resources */,
				FDB50B601D92C28F00627BED /* ic_ele_1s.png in Resources */,
				FDB50B7A1D92C28F00627BED /* ic_shop_blue.png in Resources */,
				FDB50B8A1D92C28F00627BED /* rank_3.gif in Resources */,
				FDB50B831D92C28F00627BED /* logo2.png in Resources */,
				FDB50B561D92C28F00627BED /* bg_shidu.png in Resources */,
				FDB50B911D92C28F00627BED /* start_1242x2208.png in Resources */,
				FDB50B771D92C28F00627BED /* ic_person.png in Resources */,
				FDB50B5A1D92C28F00627BED /* general.gif in Resources */,
				FDB50B7E1D92C28F00627BED /* light_02.png in Resources */,
				FDB50B731D92C28F00627BED /* ic_launcher_87x87.png in Resources */,
				FDB50B6A1D92C28F00627BED /* ic_ele_n1s.png in Resources */,
				FDB50B5B1D92C28F00627BED /* good.gif in Resources */,
				FDB50B631D92C28F00627BED /* ic_ele_3.png in Resources */,
				FDB50B541D92C28F00627BED /* bg_pm.png in Resources */,
				FDB50B6E1D92C28F00627BED /* ic_history.png in Resources */,
				FDB50B5F1D92C28F00627BED /* ic_ele_1.png in Resources */,
				FDB50A641D92C19600627BED /* Assets.xcassets in Resources */,
				FDB50B7D1D92C28F00627BED /* light_01.png in Resources */,
				FDB50B711D92C28F00627BED /* ic_launcher_60x60.png in Resources */,
				FDB50B901D92C28F00627BED /* start_750x1334.png in Resources */,
				FDB50B681D92C28F00627BED /* ic_ele_5s.png in Resources */,
				FDB50B791D92C28F00627BED /* ic_shop_30.png in Resources */,
				FDB50B641D92C28F00627BED /* ic_ele_3s.png in Resources */,
				FDB50B851D92C28F00627BED /* navigation_bar.png in Resources */,
				FDB50B701D92C28F00627BED /* ic_launcher_58x58.png in Resources */,
				FDB50B611D92C28F00627BED /* ic_ele_2.png in Resources */,
				FDB50B511D92C28F00627BED /* bg_jiaquan_s.png in Resources */,
				FDB50B8F1D92C28F00627BED /* start_640x1136.png in Resources */,
				FDF37E731D93845000C00702 /* MKNetworkKit in Resources */,
				FDB50B571D92C28F00627BED /* bg_wendu_s.png in Resources */,
				FDB50B671D92C28F00627BED /* ic_ele_5.png in Resources */,
				FDB50A621D92C19600627BED /* Main.storyboard in Resources */,
				FDB50B861D92C28F00627BED /* need.gif in Resources */,
				FDB50B8E1D92C28F00627BED /* start_640x960.png in Resources */,
				FDB50B6D1D92C28F00627BED /* ic_ele_n4s.png in Resources */,
				FD568A4C1D9387CC003CEB5F /* MKNetworkKit in Resources */,
				FDB50B7B1D92C28F00627BED /* ic_shop_w_25.png in Resources */,
				FDB50B651D92C28F00627BED /* ic_ele_4.png in Resources */,
				FDB50B621D92C28F00627BED /* ic_ele_2s.png in Resources */,
				FDB50B821D92C28F00627BED /* logo2.jpg in Resources */,
				FDB50B661D92C28F00627BED /* ic_ele_4s.png in Resources */,
				FDB50B8C1D92C28F00627BED /* room_bg.png in Resources */,
				FDB50B7C1D92C28F00627BED /* ic_shop.png in Resources */,
				FDB50B521D92C28F00627BED /* bg_jiaquan.png in Resources */,
				FDB50B921D92C28F00627BED /* very.gif in Resources */,
				FDB50B6B1D92C28F00627BED /* ic_ele_n2s.png in Resources */,
				FDB50B581D92C28F00627BED /* bg_wendu.png in Resources */,
				FDB50B6C1D92C28F00627BED /* ic_ele_n3s.png in Resources */,
				FDB50B691D92C28F00627BED /* ic_ele_n0s.png in Resources */,
				FDB50B8D1D92C28F00627BED /* start_320x480.png in Resources */,
				FDB50B6F1D92C28F00627BED /* ic_launcher_40x40.png in Resources */,
				FDB50B801D92C28F00627BED /* line_icon.png in Resources */,
				FDB50B531D92C28F00627BED /* bg_pm_s.png in Resources */,
				FDB50B741D92C28F00627BED /* ic_launcher_120x120.png in Resources */,
				FDB50B891D92C28F00627BED /* rank_2.gif in Resources */,
			);
			runOnlyForDeploymentPostprocessing = 0;
		};
		FDB50A6B1D92C19600627BED /* Resources */ = {
			isa = PBXResourcesBuildPhase;
			buildActionMask = 2147483647;
			files = (
			);
			runOnlyForDeploymentPostprocessing = 0;
		};
		FDB50A761D92C19600627BED /* Resources */ = {
			isa = PBXResourcesBuildPhase;
			buildActionMask = 2147483647;
			files = (
			);
			runOnlyForDeploymentPostprocessing = 0;
		};
/* End PBXResourcesBuildPhase section */

/* Begin PBXSourcesBuildPhase section */
		FDB50A551D92C19600627BED /* Sources */ = {
			isa = PBXSourcesBuildPhase;
			buildActionMask = 2147483647;
			files = (
				FDF23AA71D94DEF30046AD5E /* smartlinklib_7x.h in Sources */,
				FDF23AA61D94DEF00046AD5E /* HFSmartLinkDeviceInfo.h in Sources */,
				FDF23AA51D94DEEC0046AD5E /* HFSmartLink.h in Sources */,
				FD568AE51D939C10003CEB5F /* NSDate+RFC1123.h in Sources */,
				FD568AE61D939C10003CEB5F /* NSDate+RFC1123.m in Sources */,
				FD568AF51D93C0DF003CEB5F /* PersonController.swift in Sources */,
				FD568AE71D939C10003CEB5F /* NSDictionary+MKNKAdditions.h in Sources */,
				FD568AE81D939C10003CEB5F /* NSDictionary+MKNKAdditions.m in Sources */,
				FD568AE91D939C10003CEB5F /* NSHTTPURLResponse+MKNKAdditions.h in Sources */,
				FD568AEA1D939C10003CEB5F /* NSHTTPURLResponse+MKNKAdditions.m in Sources */,
				FD568AEB1D939C10003CEB5F /* NSMutableDictionary+MKNKAdditions.h in Sources */,
				FD61E52C1D942B0300C9AA91 /* HistoryController.swift in Sources */,
				FD568AEC1D939C10003CEB5F /* NSMutableDictionary+MKNKAdditions.m in Sources */,
				FD61E5371D942BCB00C9AA91 /* Reachability.m in Sources */,
				FD568AED1D939C10003CEB5F /* NSString+MKNKAdditions.h in Sources */,
				FD568AFD1D93CFFF003CEB5F /* ShopController.swift in Sources */,
				FD568AEE1D939C10003CEB5F /* NSString+MKNKAdditions.m in Sources */,
				FD568AEF1D939C10003CEB5F /* UIAlertView+MKNKAdditions.h in Sources */,
				FD61E5321D942B6800C9AA91 /* MonitorController.swift in Sources */,
				FD568AF01D939C10003CEB5F /* UIAlertView+MKNKAdditions.m in Sources */,
				FD61E53D1D942D6700C9AA91 /* UIImage+animatedGIF.m in Sources */,
				FD568AF11D939C10003CEB5F /* UIImageView+MKNKAdditions.h in Sources */,
				FD568AF21D939C10003CEB5F /* UIImageView+MKNKAdditions.m in Sources */,
				FD568ACE1D939BE7003CEB5F /* MKCache.h in Sources */,
				FD568ACF1D939BE7003CEB5F /* MKCache.m in Sources */,
				FD568AD01D939BE7003CEB5F /* MKNetworkHost.h in Sources */,
				FD568AD11D939BE7003CEB5F /* MKNetworkHost.m in Sources */,
				FD568AD21D939BE7003CEB5F /* MKNetworkKit.h in Sources */,
				FD568AD31D939BE7003CEB5F /* MKNetworkRequest.h in Sources */,
				FD61E52E1D942B2D00C9AA91 /* DeviceAddController.swift in Sources */,
				FD568AD41D939BE7003CEB5F /* MKNetworkRequest.m in Sources */,
				FD568AD51D939BE7003CEB5F /* MKObject.h in Sources */,
				FD568AD61D939BE7003CEB5F /* MKObject.m in Sources */,
				FD6B6A791D95894F005F51AF /* BackgroundRunner.m in Sources */,
				FD568AF71D93CD6B003CEB5F /* PersonNicknameController.swift in Sources */,
				FD568AFB1D93CD9A003CEB5F /* PersonFeedbackController.swift in Sources */,
				FDB50A5D1D92C19600627BED /* AppDelegate.swift in Sources */,
				FD568A511D938B48003CEB5F /* ViewController.swift in Sources */,
				FDBEC3971D92CDD800D3DC69 /* ForgetPwdController.swift in Sources */,
				FDC1DA481D99553200FB3019 /* MyButton.m in Sources */,
				FDF23AAA1D94ED4D0046AD5E /* DateTimePicker.m in Sources */,
				FD61E5341D942B7700C9AA91 /* MonitorContentController.swift in Sources */,
				FD568AF91D93CD8A003CEB5F /* PersonPasswordController.swift in Sources */,
				FDBEC3951D92CD9200D3DC69 /* RegisterController.swift in Sources */,
				FD568AFF1D93D597003CEB5F /* DeviceManageController.swift in Sources */,
				FD61E5301D942B5400C9AA91 /* DeviceViewController.swift in Sources */,
				FDF37E601D93664B00C00702 /* MainController.swift in Sources */,
				FD61E52A1D942AF100C9AA91 /* DeviceDetailReviseController.swift in Sources */,
				FD61E5281D9424F500C9AA91 /* DeviceInfoController.swift in Sources */,
				3514A88216964923E1B943B2 /* Global.swift in Sources */,
			);
			runOnlyForDeploymentPostprocessing = 0;
		};
		FDB50A691D92C19600627BED /* Sources */ = {
			isa = PBXSourcesBuildPhase;
			buildActionMask = 2147483647;
			files = (
				FDB50A721D92C19600627BED /* airtree_swiftTests.swift in Sources */,
			);
			runOnlyForDeploymentPostprocessing = 0;
		};
		FDB50A741D92C19600627BED /* Sources */ = {
			isa = PBXSourcesBuildPhase;
			buildActionMask = 2147483647;
			files = (
				FDB50A7D1D92C19600627BED /* airtree_swiftUITests.swift in Sources */,
			);
			runOnlyForDeploymentPostprocessing = 0;
		};
/* End PBXSourcesBuildPhase section */

/* Begin PBXTargetDependency section */
		FDB50A6F1D92C19600627BED /* PBXTargetDependency */ = {
			isa = PBXTargetDependency;
			target = FDB50A581D92C19600627BED /* airtree_swift */;
			targetProxy = FDB50A6E1D92C19600627BED /* PBXContainerItemProxy */;
		};
		FDB50A7A1D92C19600627BED /* PBXTargetDependency */ = {
			isa = PBXTargetDependency;
			target = FDB50A581D92C19600627BED /* airtree_swift */;
			targetProxy = FDB50A791D92C19600627BED /* PBXContainerItemProxy */;
		};
/* End PBXTargetDependency section */

/* Begin PBXVariantGroup section */
		FDB50A601D92C19600627BED /* Main.storyboard */ = {
			isa = PBXVariantGroup;
			children = (
				FDB50A611D92C19600627BED /* Base */,
			);
			name = Main.storyboard;
			sourceTree = "<group>";
		};
/* End PBXVariantGroup section */

/* Begin XCBuildConfiguration section */
		FDB50A7F1D92C19600627BED /* Debug */ = {
			isa = XCBuildConfiguration;
			buildSettings = {
				ALWAYS_SEARCH_USER_PATHS = NO;
				CLANG_ANALYZER_NONNULL = YES;
				CLANG_CXX_LANGUAGE_STANDARD = "gnu++0x";
				CLANG_CXX_LIBRARY = "libc++";
				CLANG_ENABLE_MODULES = YES;
				CLANG_ENABLE_OBJC_ARC = YES;
				CLANG_WARN_BOOL_CONVERSION = YES;
				CLANG_WARN_CONSTANT_CONVERSION = YES;
				CLANG_WARN_DIRECT_OBJC_ISA_USAGE = YES_ERROR;
				CLANG_WARN_DOCUMENTATION_COMMENTS = YES;
				CLANG_WARN_EMPTY_BODY = YES;
				CLANG_WARN_ENUM_CONVERSION = YES;
				CLANG_WARN_INFINITE_RECURSION = YES;
				CLANG_WARN_INT_CONVERSION = YES;
				CLANG_WARN_OBJC_ROOT_CLASS = YES_ERROR;
				CLANG_WARN_SUSPICIOUS_MOVES = YES;
				CLANG_WARN_UNREACHABLE_CODE = YES;
				CLANG_WARN__DUPLICATE_METHOD_MATCH = YES;
				"CODE_SIGN_IDENTITY[sdk=iphoneos*]" = "iPhone Developer";
				COPY_PHASE_STRIP = NO;
				DEBUG_INFORMATION_FORMAT = dwarf;
				ENABLE_STRICT_OBJC_MSGSEND = YES;
				ENABLE_TESTABILITY = YES;
				GCC_C_LANGUAGE_STANDARD = gnu99;
				GCC_DYNAMIC_NO_PIC = NO;
				GCC_NO_COMMON_BLOCKS = YES;
				GCC_OPTIMIZATION_LEVEL = 0;
				GCC_PREPROCESSOR_DEFINITIONS = (
					"DEBUG=1",
					"$(inherited)",
				);
				GCC_WARN_64_TO_32_BIT_CONVERSION = YES;
				GCC_WARN_ABOUT_RETURN_TYPE = YES_ERROR;
				GCC_WARN_UNDECLARED_SELECTOR = YES;
				GCC_WARN_UNINITIALIZED_AUTOS = YES_AGGRESSIVE;
				GCC_WARN_UNUSED_FUNCTION = YES;
				GCC_WARN_UNUSED_VARIABLE = YES;
				IPHONEOS_DEPLOYMENT_TARGET = 10.0;
				MTL_ENABLE_DEBUG_INFO = YES;
				ONLY_ACTIVE_ARCH = YES;
				SDKROOT = iphoneos;
				SWIFT_ACTIVE_COMPILATION_CONDITIONS = DEBUG;
				SWIFT_OPTIMIZATION_LEVEL = "-Onone";
			};
			name = Debug;
		};
		FDB50A801D92C19600627BED /* Release */ = {
			isa = XCBuildConfiguration;
			buildSettings = {
				ALWAYS_SEARCH_USER_PATHS = NO;
				CLANG_ANALYZER_NONNULL = YES;
				CLANG_CXX_LANGUAGE_STANDARD = "gnu++0x";
				CLANG_CXX_LIBRARY = "libc++";
				CLANG_ENABLE_MODULES = YES;
				CLANG_ENABLE_OBJC_ARC = YES;
				CLANG_WARN_BOOL_CONVERSION = YES;
				CLANG_WARN_CONSTANT_CONVERSION = YES;
				CLANG_WARN_DIRECT_OBJC_ISA_USAGE = YES_ERROR;
				CLANG_WARN_DOCUMENTATION_COMMENTS = YES;
				CLANG_WARN_EMPTY_BODY = YES;
				CLANG_WARN_ENUM_CONVERSION = YES;
				CLANG_WARN_INFINITE_RECURSION = YES;
				CLANG_WARN_INT_CONVERSION = YES;
				CLANG_WARN_OBJC_ROOT_CLASS = YES_ERROR;
				CLANG_WARN_SUSPICIOUS_MOVES = YES;
				CLANG_WARN_UNREACHABLE_CODE = YES;
				CLANG_WARN__DUPLICATE_METHOD_MATCH = YES;
				"CODE_SIGN_IDENTITY[sdk=iphoneos*]" = "iPhone Developer";
				COPY_PHASE_STRIP = NO;
				DEBUG_INFORMATION_FORMAT = "dwarf-with-dsym";
				ENABLE_NS_ASSERTIONS = NO;
				ENABLE_STRICT_OBJC_MSGSEND = YES;
				GCC_C_LANGUAGE_STANDARD = gnu99;
				GCC_NO_COMMON_BLOCKS = YES;
				GCC_WARN_64_TO_32_BIT_CONVERSION = YES;
				GCC_WARN_ABOUT_RETURN_TYPE = YES_ERROR;
				GCC_WARN_UNDECLARED_SELECTOR = YES;
				GCC_WARN_UNINITIALIZED_AUTOS = YES_AGGRESSIVE;
				GCC_WARN_UNUSED_FUNCTION = YES;
				GCC_WARN_UNUSED_VARIABLE = YES;
				IPHONEOS_DEPLOYMENT_TARGET = 10.0;
				MTL_ENABLE_DEBUG_INFO = NO;
				SDKROOT = iphoneos;
				SWIFT_OPTIMIZATION_LEVEL = "-Owholemodule";
				VALIDATE_PRODUCT = YES;
			};
			name = Release;
		};
		FDB50A821D92C19600627BED /* Debug */ = {
			isa = XCBuildConfiguration;
			buildSettings = {
				ASSETCATALOG_COMPILER_APPICON_NAME = AppIcon;
				ASSETCATALOG_COMPILER_LAUNCHIMAGE_NAME = LaunchImage;
				DEVELOPMENT_TEAM = VGXA77XL6T;
				HEADER_SEARCH_PATHS = "";
				INFOPLIST_FILE = airtree_swift/Info.plist;
				LD_RUNPATH_SEARCH_PATHS = "$(inherited) @executable_path/Frameworks";
				LIBRARY_SEARCH_PATHS = "$(PROJECT_DIR)";
				PRODUCT_BUNDLE_IDENTIFIER = "com.moral.airtree-swift";
				PRODUCT_NAME = "$(TARGET_NAME)";
				SWIFT_INCLUDE_PATHS = "$(PROJECT_DIR)/**";
				SWIFT_OBJC_BRIDGING_HEADER = "airtree_swift_Bridging-Header.h";
				SWIFT_VERSION = 3.0;
				VALID_ARCHS = "arm64 armv7 armv7s";
			};
			name = Debug;
		};
		FDB50A831D92C19600627BED /* Release */ = {
			isa = XCBuildConfiguration;
			buildSettings = {
				ASSETCATALOG_COMPILER_APPICON_NAME = AppIcon;
				ASSETCATALOG_COMPILER_LAUNCHIMAGE_NAME = LaunchImage;
				DEVELOPMENT_TEAM = VGXA77XL6T;
				HEADER_SEARCH_PATHS = "";
				INFOPLIST_FILE = airtree_swift/Info.plist;
				LD_RUNPATH_SEARCH_PATHS = "$(inherited) @executable_path/Frameworks";
				LIBRARY_SEARCH_PATHS = "$(PROJECT_DIR)";
				PRODUCT_BUNDLE_IDENTIFIER = "com.moral.airtree-swift";
				PRODUCT_NAME = "$(TARGET_NAME)";
				SWIFT_INCLUDE_PATHS = "$(PROJECT_DIR)/**";
				SWIFT_OBJC_BRIDGING_HEADER = "airtree_swift_Bridging-Header.h";
				SWIFT_VERSION = 3.0;
				VALID_ARCHS = "arm64 armv7 armv7s";
			};
			name = Release;
		};
		FDB50A851D92C19600627BED /* Debug */ = {
			isa = XCBuildConfiguration;
			buildSettings = {
				ALWAYS_EMBED_SWIFT_STANDARD_LIBRARIES = YES;
				BUNDLE_LOADER = "$(TEST_HOST)";
				DEVELOPMENT_TEAM = VGXA77XL6T;
				INFOPLIST_FILE = airtree_swiftTests/Info.plist;
				LD_RUNPATH_SEARCH_PATHS = "$(inherited) @executable_path/Frameworks @loader_path/Frameworks";
				PRODUCT_BUNDLE_IDENTIFIER = "com.moral.airtree-swiftTests";
				PRODUCT_NAME = "$(TARGET_NAME)";
				SWIFT_VERSION = 3.0;
				TEST_HOST = "$(BUILT_PRODUCTS_DIR)/airtree_swift.app/airtree_swift";
			};
			name = Debug;
		};
		FDB50A861D92C19600627BED /* Release */ = {
			isa = XCBuildConfiguration;
			buildSettings = {
				ALWAYS_EMBED_SWIFT_STANDARD_LIBRARIES = YES;
				BUNDLE_LOADER = "$(TEST_HOST)";
				DEVELOPMENT_TEAM = VGXA77XL6T;
				INFOPLIST_FILE = airtree_swiftTests/Info.plist;
				LD_RUNPATH_SEARCH_PATHS = "$(inherited) @executable_path/Frameworks @loader_path/Frameworks";
				PRODUCT_BUNDLE_IDENTIFIER = "com.moral.airtree-swiftTests";
				PRODUCT_NAME = "$(TARGET_NAME)";
				SWIFT_VERSION = 3.0;
				TEST_HOST = "$(BUILT_PRODUCTS_DIR)/airtree_swift.app/airtree_swift";
			};
			name = Release;
		};
		FDB50A881D92C19600627BED /* Debug */ = {
			isa = XCBuildConfiguration;
			buildSettings = {
				ALWAYS_EMBED_SWIFT_STANDARD_LIBRARIES = YES;
				DEVELOPMENT_TEAM = VGXA77XL6T;
				INFOPLIST_FILE = airtree_swiftUITests/Info.plist;
				LD_RUNPATH_SEARCH_PATHS = "$(inherited) @executable_path/Frameworks @loader_path/Frameworks";
				PRODUCT_BUNDLE_IDENTIFIER = "com.moral.airtree-swiftUITests";
				PRODUCT_NAME = "$(TARGET_NAME)";
				SWIFT_VERSION = 3.0;
				TEST_TARGET_NAME = airtree_swift;
			};
			name = Debug;
		};
		FDB50A891D92C19600627BED /* Release */ = {
			isa = XCBuildConfiguration;
			buildSettings = {
				ALWAYS_EMBED_SWIFT_STANDARD_LIBRARIES = YES;
				DEVELOPMENT_TEAM = VGXA77XL6T;
				INFOPLIST_FILE = airtree_swiftUITests/Info.plist;
				LD_RUNPATH_SEARCH_PATHS = "$(inherited) @executable_path/Frameworks @loader_path/Frameworks";
				PRODUCT_BUNDLE_IDENTIFIER = "com.moral.airtree-swiftUITests";
				PRODUCT_NAME = "$(TARGET_NAME)";
				SWIFT_VERSION = 3.0;
				TEST_TARGET_NAME = airtree_swift;
			};
			name = Release;
		};
/* End XCBuildConfiguration section */

/* Begin XCConfigurationList section */
		FDB50A541D92C19600627BED /* Build configuration list for PBXProject "airtree_swift" */ = {
			isa = XCConfigurationList;
			buildConfigurations = (
				FDB50A7F1D92C19600627BED /* Debug */,
				FDB50A801D92C19600627BED /* Release */,
			);
			defaultConfigurationIsVisible = 0;
			defaultConfigurationName = Release;
		};
		FDB50A811D92C19600627BED /* Build configuration list for PBXNativeTarget "airtree_swift" */ = {
			isa = XCConfigurationList;
			buildConfigurations = (
				FDB50A821D92C19600627BED /* Debug */,
				FDB50A831D92C19600627BED /* Release */,
			);
			defaultConfigurationIsVisible = 0;
			defaultConfigurationName = Release;
		};
		FDB50A841D92C19600627BED /* Build configuration list for PBXNativeTarget "airtree_swiftTests" */ = {
			isa = XCConfigurationList;
			buildConfigurations = (
				FDB50A851D92C19600627BED /* Debug */,
				FDB50A861D92C19600627BED /* Release */,
			);
			defaultConfigurationIsVisible = 0;
			defaultConfigurationName = Release;
		};
		FDB50A871D92C19600627BED /* Build configuration list for PBXNativeTarget "airtree_swiftUITests" */ = {
			isa = XCConfigurationList;
			buildConfigurations = (
				FDB50A881D92C19600627BED /* Debug */,
				FDB50A891D92C19600627BED /* Release */,
			);
			defaultConfigurationIsVisible = 0;
			defaultConfigurationName = Release;
		};
/* End XCConfigurationList section */
	};
	rootObject = FDB50A511D92C19600627BED /* Project object */;
}
